// !$*UTF8*$!
{
	archiveVersion = 1;
	classes = {
	};
	objectVersion = 56;
	objects = {

/* Begin PBXBuildFile section */
		E7D0631E2A2B3CF20024349C /* AppDelegate.swift in Sources */ = {isa = PBXBuildFile; fileRef = E7D0631D2A2B3CF20024349C /* AppDelegate.swift */; };
		E7D063202A2B3CF20024349C /* SceneDelegate.swift in Sources */ = {isa = PBXBuildFile; fileRef = E7D0631F2A2B3CF20024349C /* SceneDelegate.swift */; };
		E7D063222A2B3CF20024349C /* ViewController.swift in Sources */ = {isa = PBXBuildFile; fileRef = E7D063212A2B3CF20024349C /* ViewController.swift */; };
		E7D063252A2B3CF20024349C /* Main.storyboard in Resources */ = {isa = PBXBuildFile; fileRef = E7D063232A2B3CF20024349C /* Main.storyboard */; };
		E7D063272A2B3CF20024349C /* Assets.xcassets in Resources */ = {isa = PBXBuildFile; fileRef = E7D063262A2B3CF20024349C /* Assets.xcassets */; };
		E7D0632A2A2B3CF20024349C /* LaunchScreen.storyboard in Resources */ = {isa = PBXBuildFile; fileRef = E7D063282A2B3CF20024349C /* LaunchScreen.storyboard */; };
		E7D063322A2B3D8E0024349C /* Plan.swift in Sources */ = {isa = PBXBuildFile; fileRef = E7D063312A2B3D8E0024349C /* Plan.swift */; };
		E7D063342A2B3E330024349C /* Database.swift in Sources */ = {isa = PBXBuildFile; fileRef = E7D063332A2B3E330024349C /* Database.swift */; };
		E7D063362A2B3ED10024349C /* DbMemory.swift in Sources */ = {isa = PBXBuildFile; fileRef = E7D063352A2B3ED10024349C /* DbMemory.swift */; };
		E7D063382A2B402D0024349C /* Post.swift in Sources */ = {isa = PBXBuildFile; fileRef = E7D063372A2B402D0024349C /* Post.swift */; };
		E7D0633A2A2B409D0024349C /* PostDatabase.swift in Sources */ = {isa = PBXBuildFile; fileRef = E7D063392A2B409D0024349C /* PostDatabase.swift */; };
		E7D0633C2A2B446D0024349C /* PostDbMemory.swift in Sources */ = {isa = PBXBuildFile; fileRef = E7D0633B2A2B446D0024349C /* PostDbMemory.swift */; };
		E7D0633E2A2B46050024349C /* PlanGroup.swift in Sources */ = {isa = PBXBuildFile; fileRef = E7D0633D2A2B46050024349C /* PlanGroup.swift */; };
		E7D063402A2B4FC80024349C /* PostGroup.swift in Sources */ = {isa = PBXBuildFile; fileRef = E7D0633F2A2B4FC80024349C /* PostGroup.swift */; };
		E7D063422A2B513F0024349C /* ExtendedDate.swift in Sources */ = {isa = PBXBuildFile; fileRef = E7D063412A2B513F0024349C /* ExtendedDate.swift */; };
		E7D063442A2B52A40024349C /* PlanGroupViewController.swift in Sources */ = {isa = PBXBuildFile; fileRef = E7D063432A2B52A40024349C /* PlanGroupViewController.swift */; };
		E7D063482A2B56890024349C /* PostGroupViewController.swift in Sources */ = {isa = PBXBuildFile; fileRef = E7D063472A2B56890024349C /* PostGroupViewController.swift */; };
		E7FBF5E02A2B6020005A56DB /* PostTableViewCell.swift in Sources */ = {isa = PBXBuildFile; fileRef = E7FBF5DE2A2B6020005A56DB /* PostTableViewCell.swift */; };
		E7FBF5E12A2B6020005A56DB /* PostTableViewCell.xib in Resources */ = {isa = PBXBuildFile; fileRef = E7FBF5DF2A2B6020005A56DB /* PostTableViewCell.xib */; };
/* End PBXBuildFile section */

/* Begin PBXFileReference section */
		E7D0631A2A2B3CF20024349C /* project-sangsanggram-1771130-sonminkyu.app */ = {isa = PBXFileReference; explicitFileType = wrapper.application; includeInIndex = 0; path = "project-sangsanggram-1771130-sonminkyu.app"; sourceTree = BUILT_PRODUCTS_DIR; };
		E7D0631D2A2B3CF20024349C /* AppDelegate.swift */ = {isa = PBXFileReference; lastKnownFileType = sourcecode.swift; path = AppDelegate.swift; sourceTree = "<group>"; };
		E7D0631F2A2B3CF20024349C /* SceneDelegate.swift */ = {isa = PBXFileReference; lastKnownFileType = sourcecode.swift; path = SceneDelegate.swift; sourceTree = "<group>"; };
		E7D063212A2B3CF20024349C /* ViewController.swift */ = {isa = PBXFileReference; lastKnownFileType = sourcecode.swift; path = ViewController.swift; sourceTree = "<group>"; };
		E7D063242A2B3CF20024349C /* Base */ = {isa = PBXFileReference; lastKnownFileType = file.storyboard; name = Base; path = Base.lproj/Main.storyboard; sourceTree = "<group>"; };
		E7D063262A2B3CF20024349C /* Assets.xcassets */ = {isa = PBXFileReference; lastKnownFileType = folder.assetcatalog; path = Assets.xcassets; sourceTree = "<group>"; };
		E7D063292A2B3CF20024349C /* Base */ = {isa = PBXFileReference; lastKnownFileType = file.storyboard; name = Base; path = Base.lproj/LaunchScreen.storyboard; sourceTree = "<group>"; };
		E7D0632B2A2B3CF20024349C /* Info.plist */ = {isa = PBXFileReference; lastKnownFileType = text.plist.xml; path = Info.plist; sourceTree = "<group>"; };
		E7D063312A2B3D8E0024349C /* Plan.swift */ = {isa = PBXFileReference; lastKnownFileType = sourcecode.swift; path = Plan.swift; sourceTree = "<group>"; };
		E7D063332A2B3E330024349C /* Database.swift */ = {isa = PBXFileReference; lastKnownFileType = sourcecode.swift; path = Database.swift; sourceTree = "<group>"; };
		E7D063352A2B3ED10024349C /* DbMemory.swift */ = {isa = PBXFileReference; lastKnownFileType = sourcecode.swift; path = DbMemory.swift; sourceTree = "<group>"; };
		E7D063372A2B402D0024349C /* Post.swift */ = {isa = PBXFileReference; lastKnownFileType = sourcecode.swift; path = Post.swift; sourceTree = "<group>"; };
		E7D063392A2B409D0024349C /* PostDatabase.swift */ = {isa = PBXFileReference; lastKnownFileType = sourcecode.swift; path = PostDatabase.swift; sourceTree = "<group>"; };
		E7D0633B2A2B446D0024349C /* PostDbMemory.swift */ = {isa = PBXFileReference; lastKnownFileType = sourcecode.swift; path = PostDbMemory.swift; sourceTree = "<group>"; };
		E7D0633D2A2B46050024349C /* PlanGroup.swift */ = {isa = PBXFileReference; lastKnownFileType = sourcecode.swift; path = PlanGroup.swift; sourceTree = "<group>"; };
		E7D0633F2A2B4FC80024349C /* PostGroup.swift */ = {isa = PBXFileReference; lastKnownFileType = sourcecode.swift; path = PostGroup.swift; sourceTree = "<group>"; };
		E7D063412A2B513F0024349C /* ExtendedDate.swift */ = {isa = PBXFileReference; lastKnownFileType = sourcecode.swift; path = ExtendedDate.swift; sourceTree = "<group>"; };
		E7D063432A2B52A40024349C /* PlanGroupViewController.swift */ = {isa = PBXFileReference; lastKnownFileType = sourcecode.swift; path = PlanGroupViewController.swift; sourceTree = "<group>"; };
		E7D063472A2B56890024349C /* PostGroupViewController.swift */ = {isa = PBXFileReference; lastKnownFileType = sourcecode.swift; path = PostGroupViewController.swift; sourceTree = "<group>"; };
		E7FBF5DE2A2B6020005A56DB /* PostTableViewCell.swift */ = {isa = PBXFileReference; lastKnownFileType = sourcecode.swift; path = PostTableViewCell.swift; sourceTree = "<group>"; };
		E7FBF5DF2A2B6020005A56DB /* PostTableViewCell.xib */ = {isa = PBXFileReference; lastKnownFileType = file.xib; path = PostTableViewCell.xib; sourceTree = "<group>"; };
/* End PBXFileReference section */

/* Begin PBXFrameworksBuildPhase section */
		E7D063172A2B3CF20024349C /* Frameworks */ = {
			isa = PBXFrameworksBuildPhase;
			buildActionMask = 2147483647;
			files = (
			);
			runOnlyForDeploymentPostprocessing = 0;
		};
/* End PBXFrameworksBuildPhase section */

/* Begin PBXGroup section */
		E7D063112A2B3CF20024349C = {
			isa = PBXGroup;
			children = (
				E7D0631C2A2B3CF20024349C /* project-sangsanggram-1771130-sonminkyu */,
				E7D0631B2A2B3CF20024349C /* Products */,
			);
			sourceTree = "<group>";
		};
		E7D0631B2A2B3CF20024349C /* Products */ = {
			isa = PBXGroup;
			children = (
				E7D0631A2A2B3CF20024349C /* project-sangsanggram-1771130-sonminkyu.app */,
			);
			name = Products;
			sourceTree = "<group>";
		};
		E7D0631C2A2B3CF20024349C /* project-sangsanggram-1771130-sonminkyu */ = {
			isa = PBXGroup;
			children = (
				E7D0631D2A2B3CF20024349C /* AppDelegate.swift */,
				E7D0631F2A2B3CF20024349C /* SceneDelegate.swift */,
				E7D063212A2B3CF20024349C /* ViewController.swift */,
				E7D063232A2B3CF20024349C /* Main.storyboard */,
				E7D063262A2B3CF20024349C /* Assets.xcassets */,
				E7D063282A2B3CF20024349C /* LaunchScreen.storyboard */,
				E7D0632B2A2B3CF20024349C /* Info.plist */,
				E7D063372A2B402D0024349C /* Post.swift */,
				E7D063312A2B3D8E0024349C /* Plan.swift */,
				E7D063332A2B3E330024349C /* Database.swift */,
				E7D063352A2B3ED10024349C /* DbMemory.swift */,
				E7D063392A2B409D0024349C /* PostDatabase.swift */,
				E7D0633B2A2B446D0024349C /* PostDbMemory.swift */,
				E7D0633D2A2B46050024349C /* PlanGroup.swift */,
				E7D0633F2A2B4FC80024349C /* PostGroup.swift */,
				E7D063412A2B513F0024349C /* ExtendedDate.swift */,
				E7D063432A2B52A40024349C /* PlanGroupViewController.swift */,
				E7D063472A2B56890024349C /* PostGroupViewController.swift */,
				E7FBF5DE2A2B6020005A56DB /* PostTableViewCell.swift */,
				E7FBF5DF2A2B6020005A56DB /* PostTableViewCell.xib */,
			);
			path = "project-sangsanggram-1771130-sonminkyu";
			sourceTree = "<group>";
		};
/* End PBXGroup section */

/* Begin PBXNativeTarget section */
		E7D063192A2B3CF20024349C /* project-sangsanggram-1771130-sonminkyu */ = {
			isa = PBXNativeTarget;
			buildConfigurationList = E7D0632E2A2B3CF20024349C /* Build configuration list for PBXNativeTarget "project-sangsanggram-1771130-sonminkyu" */;
			buildPhases = (
				E7D063162A2B3CF20024349C /* Sources */,
				E7D063172A2B3CF20024349C /* Frameworks */,
				E7D063182A2B3CF20024349C /* Resources */,
			);
			buildRules = (
			);
			dependencies = (
			);
			name = "project-sangsanggram-1771130-sonminkyu";
			productName = "project-sangsanggram-1771130-sonminkyu";
			productReference = E7D0631A2A2B3CF20024349C /* project-sangsanggram-1771130-sonminkyu.app */;
			productType = "com.apple.product-type.application";
		};
/* End PBXNativeTarget section */

/* Begin PBXProject section */
		E7D063122A2B3CF20024349C /* Project object */ = {
			isa = PBXProject;
			attributes = {
				BuildIndependentTargetsInParallel = 1;
				LastSwiftUpdateCheck = 1420;
				LastUpgradeCheck = 1420;
				TargetAttributes = {
					E7D063192A2B3CF20024349C = {
						CreatedOnToolsVersion = 14.2;
					};
				};
			};
			buildConfigurationList = E7D063152A2B3CF20024349C /* Build configuration list for PBXProject "project-sangsanggram-1771130-sonminkyu" */;
			compatibilityVersion = "Xcode 14.0";
			developmentRegion = en;
			hasScannedForEncodings = 0;
			knownRegions = (
				en,
				Base,
			);
			mainGroup = E7D063112A2B3CF20024349C;
			productRefGroup = E7D0631B2A2B3CF20024349C /* Products */;
			projectDirPath = "";
			projectRoot = "";
			targets = (
				E7D063192A2B3CF20024349C /* project-sangsanggram-1771130-sonminkyu */,
			);
		};
/* End PBXProject section */

/* Begin PBXResourcesBuildPhase section */
		E7D063182A2B3CF20024349C /* Resources */ = {
			isa = PBXResourcesBuildPhase;
			buildActionMask = 2147483647;
			files = (
				E7D0632A2A2B3CF20024349C /* LaunchScreen.storyboard in Resources */,
				E7D063272A2B3CF20024349C /* Assets.xcassets in Resources */,
				E7D063252A2B3CF20024349C /* Main.storyboard in Resources */,
				E7FBF5E12A2B6020005A56DB /* PostTableViewCell.xib in Resources */,
			);
			runOnlyForDeploymentPostprocessing = 0;
		};
/* End PBXResourcesBuildPhase section */

/* Begin PBXSourcesBuildPhase section */
		E7D063162A2B3CF20024349C /* Sources */ = {
			isa = PBXSourcesBuildPhase;
			buildActionMask = 2147483647;
			files = (
				E7D0633A2A2B409D0024349C /* PostDatabase.swift in Sources */,
				E7D0633C2A2B446D0024349C /* PostDbMemory.swift in Sources */,
				E7FBF5E02A2B6020005A56DB /* PostTableViewCell.swift in Sources */,
				E7D0633E2A2B46050024349C /* PlanGroup.swift in Sources */,
				E7D063322A2B3D8E0024349C /* Plan.swift in Sources */,
				E7D063222A2B3CF20024349C /* ViewController.swift in Sources */,
				E7D063442A2B52A40024349C /* PlanGroupViewController.swift in Sources */,
				E7D0631E2A2B3CF20024349C /* AppDelegate.swift in Sources */,
				E7D063342A2B3E330024349C /* Database.swift in Sources */,
				E7D063362A2B3ED10024349C /* DbMemory.swift in Sources */,
				E7D063422A2B513F0024349C /* ExtendedDate.swift in Sources */,
				E7D063482A2B56890024349C /* PostGroupViewController.swift in Sources */,
				E7D063402A2B4FC80024349C /* PostGroup.swift in Sources */,
				E7D063382A2B402D0024349C /* Post.swift in Sources */,
				E7D063202A2B3CF20024349C /* SceneDelegate.swift in Sources */,
			);
			runOnlyForDeploymentPostprocessing = 0;
		};
/* End PBXSourcesBuildPhase section */

/* Begin PBXVariantGroup section */
		E7D063232A2B3CF20024349C /* Main.storyboard */ = {
			isa = PBXVariantGroup;
			children = (
				E7D063242A2B3CF20024349C /* Base */,
			);
			name = Main.storyboard;
			sourceTree = "<group>";
		};
		E7D063282A2B3CF20024349C /* LaunchScreen.storyboard */ = {
			isa = PBXVariantGroup;
			children = (
				E7D063292A2B3CF20024349C /* Base */,
			);
			name = LaunchScreen.storyboard;
			sourceTree = "<group>";
		};
/* End PBXVariantGroup section */

/* Begin XCBuildConfiguration section */
		E7D0632C2A2B3CF20024349C /* Debug */ = {
			isa = XCBuildConfiguration;
			buildSettings = {
				ALWAYS_SEARCH_USER_PATHS = NO;
				CLANG_ANALYZER_NONNULL = YES;
				CLANG_ANALYZER_NUMBER_OBJECT_CONVERSION = YES_AGGRESSIVE;
				CLANG_CXX_LANGUAGE_STANDARD = "gnu++20";
				CLANG_ENABLE_MODULES = YES;
				CLANG_ENABLE_OBJC_ARC = YES;
				CLANG_ENABLE_OBJC_WEAK = YES;
				CLANG_WARN_BLOCK_CAPTURE_AUTORELEASING = YES;
				CLANG_WARN_BOOL_CONVERSION = YES;
				CLANG_WARN_COMMA = YES;
				CLANG_WARN_CONSTANT_CONVERSION = YES;
				CLANG_WARN_DEPRECATED_OBJC_IMPLEMENTATIONS = YES;
				CLANG_WARN_DIRECT_OBJC_ISA_USAGE = YES_ERROR;
				CLANG_WARN_DOCUMENTATION_COMMENTS = YES;
				CLANG_WARN_EMPTY_BODY = YES;
				CLANG_WARN_ENUM_CONVERSION = YES;
				CLANG_WARN_INFINITE_RECURSION = YES;
				CLANG_WARN_INT_CONVERSION = YES;
				CLANG_WARN_NON_LITERAL_NULL_CONVERSION = YES;
				CLANG_WARN_OBJC_IMPLICIT_RETAIN_SELF = YES;
				CLANG_WARN_OBJC_LITERAL_CONVERSION = YES;
				CLANG_WARN_OBJC_ROOT_CLASS = YES_ERROR;
				CLANG_WARN_QUOTED_INCLUDE_IN_FRAMEWORK_HEADER = YES;
				CLANG_WARN_RANGE_LOOP_ANALYSIS = YES;
				CLANG_WARN_STRICT_PROTOTYPES = YES;
				CLANG_WARN_SUSPICIOUS_MOVE = YES;
				CLANG_WARN_UNGUARDED_AVAILABILITY = YES_AGGRESSIVE;
				CLANG_WARN_UNREACHABLE_CODE = YES;
				CLANG_WARN__DUPLICATE_METHOD_MATCH = YES;
				COPY_PHASE_STRIP = NO;
				DEBUG_INFORMATION_FORMAT = dwarf;
				ENABLE_STRICT_OBJC_MSGSEND = YES;
				ENABLE_TESTABILITY = YES;
				GCC_C_LANGUAGE_STANDARD = gnu11;
				GCC_DYNAMIC_NO_PIC = NO;
				GCC_NO_COMMON_BLOCKS = YES;
				GCC_OPTIMIZATION_LEVEL = 0;
				GCC_PREPROCESSOR_DEFINITIONS = (
					"DEBUG=1",
					"$(inherited)",
				);
				GCC_WARN_64_TO_32_BIT_CONVERSION = YES;
				GCC_WARN_ABOUT_RETURN_TYPE = YES_ERROR;
				GCC_WARN_UNDECLARED_SELECTOR = YES;
				GCC_WARN_UNINITIALIZED_AUTOS = YES_AGGRESSIVE;
				GCC_WARN_UNUSED_FUNCTION = YES;
				GCC_WARN_UNUSED_VARIABLE = YES;
				IPHONEOS_DEPLOYMENT_TARGET = 16.2;
				MTL_ENABLE_DEBUG_INFO = INCLUDE_SOURCE;
				MTL_FAST_MATH = YES;
				ONLY_ACTIVE_ARCH = YES;
				SDKROOT = iphoneos;
				SWIFT_ACTIVE_COMPILATION_CONDITIONS = DEBUG;
				SWIFT_OPTIMIZATION_LEVEL = "-Onone";
			};
			name = Debug;
		};
		E7D0632D2A2B3CF20024349C /* Release */ = {
			isa = XCBuildConfiguration;
			buildSettings = {
				ALWAYS_SEARCH_USER_PATHS = NO;
				CLANG_ANALYZER_NONNULL = YES;
				CLANG_ANALYZER_NUMBER_OBJECT_CONVERSION = YES_AGGRESSIVE;
				CLANG_CXX_LANGUAGE_STANDARD = "gnu++20";
				CLANG_ENABLE_MODULES = YES;
				CLANG_ENABLE_OBJC_ARC = YES;
				CLANG_ENABLE_OBJC_WEAK = YES;
				CLANG_WARN_BLOCK_CAPTURE_AUTORELEASING = YES;
				CLANG_WARN_BOOL_CONVERSION = YES;
				CLANG_WARN_COMMA = YES;
				CLANG_WARN_CONSTANT_CONVERSION = YES;
				CLANG_WARN_DEPRECATED_OBJC_IMPLEMENTATIONS = YES;
				CLANG_WARN_DIRECT_OBJC_ISA_USAGE = YES_ERROR;
				CLANG_WARN_DOCUMENTATION_COMMENTS = YES;
				CLANG_WARN_EMPTY_BODY = YES;
				CLANG_WARN_ENUM_CONVERSION = YES;
				CLANG_WARN_INFINITE_RECURSION = YES;
				CLANG_WARN_INT_CONVERSION = YES;
				CLANG_WARN_NON_LITERAL_NULL_CONVERSION = YES;
				CLANG_WARN_OBJC_IMPLICIT_RETAIN_SELF = YES;
				CLANG_WARN_OBJC_LITERAL_CONVERSION = YES;
				CLANG_WARN_OBJC_ROOT_CLASS = YES_ERROR;
				CLANG_WARN_QUOTED_INCLUDE_IN_FRAMEWORK_HEADER = YES;
				CLANG_WARN_RANGE_LOOP_ANALYSIS = YES;
				CLANG_WARN_STRICT_PROTOTYPES = YES;
				CLANG_WARN_SUSPICIOUS_MOVE = YES;
				CLANG_WARN_UNGUARDED_AVAILABILITY = YES_AGGRESSIVE;
				CLANG_WARN_UNREACHABLE_CODE = YES;
				CLANG_WARN__DUPLICATE_METHOD_MATCH = YES;
				COPY_PHASE_STRIP = NO;
				DEBUG_INFORMATION_FORMAT = "dwarf-with-dsym";
				ENABLE_NS_ASSERTIONS = NO;
				ENABLE_STRICT_OBJC_MSGSEND = YES;
				GCC_C_LANGUAGE_STANDARD = gnu11;
				GCC_NO_COMMON_BLOCKS = YES;
				GCC_WARN_64_TO_32_BIT_CONVERSION = YES;
				GCC_WARN_ABOUT_RETURN_TYPE = YES_ERROR;
				GCC_WARN_UNDECLARED_SELECTOR = YES;
				GCC_WARN_UNINITIALIZED_AUTOS = YES_AGGRESSIVE;
				GCC_WARN_UNUSED_FUNCTION = YES;
				GCC_WARN_UNUSED_VARIABLE = YES;
				IPHONEOS_DEPLOYMENT_TARGET = 16.2;
				MTL_ENABLE_DEBUG_INFO = NO;
				MTL_FAST_MATH = YES;
				SDKROOT = iphoneos;
				SWIFT_COMPILATION_MODE = wholemodule;
				SWIFT_OPTIMIZATION_LEVEL = "-O";
				VALIDATE_PRODUCT = YES;
			};
			name = Release;
		};
		E7D0632F2A2B3CF20024349C /* Debug */ = {
			isa = XCBuildConfiguration;
			buildSettings = {
				ASSETCATALOG_COMPILER_APPICON_NAME = AppIcon;
				ASSETCATALOG_COMPILER_GLOBAL_ACCENT_COLOR_NAME = AccentColor;
				CODE_SIGN_STYLE = Automatic;
				CURRENT_PROJECT_VERSION = 1;
				DEVELOPMENT_TEAM = VN2BYUMG75;
				GENERATE_INFOPLIST_FILE = YES;
				INFOPLIST_FILE = "project-sangsanggram-1771130-sonminkyu/Info.plist";
				INFOPLIST_KEY_UIApplicationSupportsIndirectInputEvents = YES;
				INFOPLIST_KEY_UILaunchStoryboardName = LaunchScreen;
				INFOPLIST_KEY_UIMainStoryboardFile = Main;
				INFOPLIST_KEY_UISupportedInterfaceOrientations_iPad = "UIInterfaceOrientationPortrait UIInterfaceOrientationPortraitUpsideDown UIInterfaceOrientationLandscapeLeft UIInterfaceOrientationLandscapeRight";
				INFOPLIST_KEY_UISupportedInterfaceOrientations_iPhone = "UIInterfaceOrientationPortrait UIInterfaceOrientationLandscapeLeft UIInterfaceOrientationLandscapeRight";
				LD_RUNPATH_SEARCH_PATHS = (
					"$(inherited)",
					"@executable_path/Frameworks",
				);
				MARKETING_VERSION = 1.0;
				PRODUCT_BUNDLE_IDENTIFIER = "MinKyu-Son.project-sangsanggram-1771130-sonminkyu";
				PRODUCT_NAME = "$(TARGET_NAME)";
				SWIFT_EMIT_LOC_STRINGS = YES;
				SWIFT_VERSION = 5.0;
				TARGETED_DEVICE_FAMILY = "1,2";
			};
			name = Debug;
		};
		E7D063302A2B3CF20024349C /* Release */ = {
			isa = XCBuildConfiguration;
			buildSettings = {
				ASSETCATALOG_COMPILER_APPICON_NAME = AppIcon;
				ASSETCATALOG_COMPILER_GLOBAL_ACCENT_COLOR_NAME = AccentColor;
				CODE_SIGN_STYLE = Automatic;
				CURRENT_PROJECT_VERSION = 1;
				DEVELOPMENT_TEAM = VN2BYUMG75;
				GENERATE_INFOPLIST_FILE = YES;
				INFOPLIST_FILE = "project-sangsanggram-1771130-sonminkyu/Info.plist";
				INFOPLIST_KEY_UIApplicationSupportsIndirectInputEvents = YES;
				INFOPLIST_KEY_UILaunchStoryboardName = LaunchScreen;
				INFOPLIST_KEY_UIMainStoryboardFile = Main;
				INFOPLIST_KEY_UISupportedInterfaceOrientations_iPad = "UIInterfaceOrientationPortrait UIInterfaceOrientationPortraitUpsideDown UIInterfaceOrientationLandscapeLeft UIInterfaceOrientationLandscapeRight";
				INFOPLIST_KEY_UISupportedInterfaceOrientations_iPhone = "UIInterfaceOrientationPortrait UIInterfaceOrientationLandscapeLeft UIInterfaceOrientationLandscapeRight";
				LD_RUNPATH_SEARCH_PATHS = (
					"$(inherited)",
					"@executable_path/Frameworks",
				);
				MARKETING_VERSION = 1.0;
				PRODUCT_BUNDLE_IDENTIFIER = "MinKyu-Son.project-sangsanggram-1771130-sonminkyu";
				PRODUCT_NAME = "$(TARGET_NAME)";
				SWIFT_EMIT_LOC_STRINGS = YES;
				SWIFT_VERSION = 5.0;
				TARGETED_DEVICE_FAMILY = "1,2";
			};
			name = Release;
		};
/* End XCBuildConfiguration section */

/* Begin XCConfigurationList section */
		E7D063152A2B3CF20024349C /* Build configuration list for PBXProject "project-sangsanggram-1771130-sonminkyu" */ = {
			isa = XCConfigurationList;
			buildConfigurations = (
				E7D0632C2A2B3CF20024349C /* Debug */,
				E7D0632D2A2B3CF20024349C /* Release */,
			);
			defaultConfigurationIsVisible = 0;
			defaultConfigurationName = Release;
		};
		E7D0632E2A2B3CF20024349C /* Build configuration list for PBXNativeTarget "project-sangsanggram-1771130-sonminkyu" */ = {
			isa = XCConfigurationList;
			buildConfigurations = (
				E7D0632F2A2B3CF20024349C /* Debug */,
				E7D063302A2B3CF20024349C /* Release */,
			);
			defaultConfigurationIsVisible = 0;
			defaultConfigurationName = Release;
		};
/* End XCConfigurationList section */
	};
	rootObject = E7D063122A2B3CF20024349C /* Project object */;
}
