// !$*UTF8*$!
{
	archiveVersion = 1;
	classes = {
	};
	objectVersion = 56;
	objects = {

/* Begin PBXBuildFile section */
		E74BA1272A319B85002BD9B2 /* ListViewController.swift in Sources */ = {isa = PBXBuildFile; fileRef = E74BA1262A319B85002BD9B2 /* ListViewController.swift */; };
		E74BA12F2A31AD7F002BD9B2 /* MyDatabase.swift in Sources */ = {isa = PBXBuildFile; fileRef = E74BA12E2A31AD7F002BD9B2 /* MyDatabase.swift */; };
		E74F04592A342F9700E5546A /* SearchViewController.swift in Sources */ = {isa = PBXBuildFile; fileRef = E74F04582A342F9700E5546A /* SearchViewController.swift */; };
		E74F045B2A343C6F00E5546A /* MyUserFirebaseDatabase.swift in Sources */ = {isa = PBXBuildFile; fileRef = E74F045A2A343C6F00E5546A /* MyUserFirebaseDatabase.swift */; };
		E7650F5F2A331F3F00C841DD /* UserFirebaseDatabase.swift in Sources */ = {isa = PBXBuildFile; fileRef = E7650F5E2A331F3F00C841DD /* UserFirebaseDatabase.swift */; };
		E767A5A22A3322000027A896 /* UserGroup.swift in Sources */ = {isa = PBXBuildFile; fileRef = E767A5A12A3322000027A896 /* UserGroup.swift */; };
		E78BE1C02A2EE90E009A3608 /* ProfileViewController.swift in Sources */ = {isa = PBXBuildFile; fileRef = E78BE1BF2A2EE90E009A3608 /* ProfileViewController.swift */; };
		E78BE1C22A2EEAF8009A3608 /* User.swift in Sources */ = {isa = PBXBuildFile; fileRef = E78BE1C12A2EEAF8009A3608 /* User.swift */; };
		E78BE1C42A2EEC05009A3608 /* UserDatabase.swift in Sources */ = {isa = PBXBuildFile; fileRef = E78BE1C32A2EEC05009A3608 /* UserDatabase.swift */; };
		E78BE1D12A2EF440009A3608 /* RegisterViewController.swift in Sources */ = {isa = PBXBuildFile; fileRef = E78BE1D02A2EF440009A3608 /* RegisterViewController.swift */; };
		E78BE1D32A2EFEB4009A3608 /* AuthDatabase.swift in Sources */ = {isa = PBXBuildFile; fileRef = E78BE1D22A2EFEB4009A3608 /* AuthDatabase.swift */; };
		E78BE1D72A2F2A95009A3608 /* Extentions.swift in Sources */ = {isa = PBXBuildFile; fileRef = E78BE1D62A2F2A95009A3608 /* Extentions.swift */; };
		E78BE1DF2A2F4966009A3608 /* PhotoCollectionViewCell.swift in Sources */ = {isa = PBXBuildFile; fileRef = E78BE1DE2A2F4966009A3608 /* PhotoCollectionViewCell.swift */; };
		E78BE1E12A2F49A6009A3608 /* ProfileInfoHeaderCollectionReusableView.swift in Sources */ = {isa = PBXBuildFile; fileRef = E78BE1E02A2F49A6009A3608 /* ProfileInfoHeaderCollectionReusableView.swift */; };
		E78BE1E32A2F4A2E009A3608 /* ProfileTabsCollectionReusableView.swift in Sources */ = {isa = PBXBuildFile; fileRef = E78BE1E22A2F4A2E009A3608 /* ProfileTabsCollectionReusableView.swift */; };
		E78BE1E52A2F4A77009A3608 /* ProfileViewController2.swift in Sources */ = {isa = PBXBuildFile; fileRef = E78BE1E42A2F4A77009A3608 /* ProfileViewController2.swift */; };
		E79880DB2A2DC3B200736C96 /* DbFirebasePost.swift in Sources */ = {isa = PBXBuildFile; fileRef = E79880DA2A2DC3B200736C96 /* DbFirebasePost.swift */; };
		E7A1E3DB2A347EB000382AFB /* UserService.swift in Sources */ = {isa = PBXBuildFile; fileRef = E7A1E3DA2A347EB000382AFB /* UserService.swift */; };
		E7A1E3DD2A3487E800382AFB /* LoginViewController.swift in Sources */ = {isa = PBXBuildFile; fileRef = E7A1E3DC2A3487E800382AFB /* LoginViewController.swift */; };
		E7B825B92A2D9FAB006AB415 /* FirebaseAnalytics in Frameworks */ = {isa = PBXBuildFile; productRef = E7B825B82A2D9FAB006AB415 /* FirebaseAnalytics */; };
		E7B825BB2A2D9FAB006AB415 /* FirebaseAnalyticsOnDeviceConversion in Frameworks */ = {isa = PBXBuildFile; productRef = E7B825BA2A2D9FAB006AB415 /* FirebaseAnalyticsOnDeviceConversion */; };
		E7B825BD2A2D9FAB006AB415 /* FirebaseAnalyticsSwift in Frameworks */ = {isa = PBXBuildFile; productRef = E7B825BC2A2D9FAB006AB415 /* FirebaseAnalyticsSwift */; };
		E7B825BF2A2D9FAB006AB415 /* FirebaseAnalyticsWithoutAdIdSupport in Frameworks */ = {isa = PBXBuildFile; productRef = E7B825BE2A2D9FAB006AB415 /* FirebaseAnalyticsWithoutAdIdSupport */; };
		E7B825C12A2D9FAB006AB415 /* FirebaseAppCheck in Frameworks */ = {isa = PBXBuildFile; productRef = E7B825C02A2D9FAB006AB415 /* FirebaseAppCheck */; };
		E7B825C32A2D9FAB006AB415 /* FirebaseAppDistribution-Beta in Frameworks */ = {isa = PBXBuildFile; productRef = E7B825C22A2D9FAB006AB415 /* FirebaseAppDistribution-Beta */; };
		E7B825C52A2D9FAB006AB415 /* FirebaseAuth in Frameworks */ = {isa = PBXBuildFile; productRef = E7B825C42A2D9FAB006AB415 /* FirebaseAuth */; };
		E7B825C72A2D9FAB006AB415 /* FirebaseAuthCombine-Community in Frameworks */ = {isa = PBXBuildFile; productRef = E7B825C62A2D9FAB006AB415 /* FirebaseAuthCombine-Community */; };
		E7B825C92A2D9FAB006AB415 /* FirebaseCrashlytics in Frameworks */ = {isa = PBXBuildFile; productRef = E7B825C82A2D9FAB006AB415 /* FirebaseCrashlytics */; };
		E7B825CB2A2D9FAB006AB415 /* FirebaseDatabase in Frameworks */ = {isa = PBXBuildFile; productRef = E7B825CA2A2D9FAB006AB415 /* FirebaseDatabase */; };
		E7B825CD2A2D9FAB006AB415 /* FirebaseDatabaseSwift in Frameworks */ = {isa = PBXBuildFile; productRef = E7B825CC2A2D9FAB006AB415 /* FirebaseDatabaseSwift */; };
		E7B825CF2A2D9FAB006AB415 /* FirebaseDynamicLinks in Frameworks */ = {isa = PBXBuildFile; productRef = E7B825CE2A2D9FAB006AB415 /* FirebaseDynamicLinks */; };
		E7B825D12A2D9FAB006AB415 /* FirebaseFirestore in Frameworks */ = {isa = PBXBuildFile; productRef = E7B825D02A2D9FAB006AB415 /* FirebaseFirestore */; };
		E7B825D32A2D9FAB006AB415 /* FirebaseFirestoreCombine-Community in Frameworks */ = {isa = PBXBuildFile; productRef = E7B825D22A2D9FAB006AB415 /* FirebaseFirestoreCombine-Community */; };
		E7B825D52A2D9FAB006AB415 /* FirebaseFirestoreSwift in Frameworks */ = {isa = PBXBuildFile; productRef = E7B825D42A2D9FAB006AB415 /* FirebaseFirestoreSwift */; };
		E7B825D72A2D9FAB006AB415 /* FirebaseFunctions in Frameworks */ = {isa = PBXBuildFile; productRef = E7B825D62A2D9FAB006AB415 /* FirebaseFunctions */; };
		E7B825D92A2D9FAB006AB415 /* FirebaseFunctionsCombine-Community in Frameworks */ = {isa = PBXBuildFile; productRef = E7B825D82A2D9FAB006AB415 /* FirebaseFunctionsCombine-Community */; };
		E7B825DB2A2D9FAB006AB415 /* FirebaseInAppMessaging-Beta in Frameworks */ = {isa = PBXBuildFile; productRef = E7B825DA2A2D9FAB006AB415 /* FirebaseInAppMessaging-Beta */; };
		E7B825DD2A2D9FAB006AB415 /* FirebaseInAppMessagingSwift-Beta in Frameworks */ = {isa = PBXBuildFile; productRef = E7B825DC2A2D9FAB006AB415 /* FirebaseInAppMessagingSwift-Beta */; };
		E7B825DF2A2D9FAB006AB415 /* FirebaseInstallations in Frameworks */ = {isa = PBXBuildFile; productRef = E7B825DE2A2D9FAB006AB415 /* FirebaseInstallations */; };
		E7B825E12A2D9FAB006AB415 /* FirebaseMLModelDownloader in Frameworks */ = {isa = PBXBuildFile; productRef = E7B825E02A2D9FAB006AB415 /* FirebaseMLModelDownloader */; };
		E7B825E32A2D9FAB006AB415 /* FirebaseMessaging in Frameworks */ = {isa = PBXBuildFile; productRef = E7B825E22A2D9FAB006AB415 /* FirebaseMessaging */; };
		E7B825E52A2D9FAB006AB415 /* FirebasePerformance in Frameworks */ = {isa = PBXBuildFile; productRef = E7B825E42A2D9FAB006AB415 /* FirebasePerformance */; };
		E7B825E72A2D9FAB006AB415 /* FirebaseRemoteConfig in Frameworks */ = {isa = PBXBuildFile; productRef = E7B825E62A2D9FAB006AB415 /* FirebaseRemoteConfig */; };
		E7B825E92A2D9FAB006AB415 /* FirebaseRemoteConfigSwift in Frameworks */ = {isa = PBXBuildFile; productRef = E7B825E82A2D9FAB006AB415 /* FirebaseRemoteConfigSwift */; };
		E7B825EB2A2D9FAB006AB415 /* FirebaseStorage in Frameworks */ = {isa = PBXBuildFile; productRef = E7B825EA2A2D9FAB006AB415 /* FirebaseStorage */; };
		E7B825ED2A2D9FAB006AB415 /* FirebaseStorageCombine-Community in Frameworks */ = {isa = PBXBuildFile; productRef = E7B825EC2A2D9FAB006AB415 /* FirebaseStorageCombine-Community */; };
		E7B825EF2A2DA227006AB415 /* GoogleService-Info.plist in Resources */ = {isa = PBXBuildFile; fileRef = E7B825EE2A2DA227006AB415 /* GoogleService-Info.plist */; };
		E7B825F12A2DA5F7006AB415 /* CameraViewController.swift in Sources */ = {isa = PBXBuildFile; fileRef = E7B825F02A2DA5F7006AB415 /* CameraViewController.swift */; };
		E7BAA7062A39BCE000659660 /* AlbumViewController.swift in Sources */ = {isa = PBXBuildFile; fileRef = E7BAA7052A39BCE000659660 /* AlbumViewController.swift */; };
		E7BAA7082A39C68000659660 /* AlbumMemoViewController.swift in Sources */ = {isa = PBXBuildFile; fileRef = E7BAA7072A39C68000659660 /* AlbumMemoViewController.swift */; };
		E7BAA70A2A39C6C300659660 /* ImageCollectionViewCell.swift in Sources */ = {isa = PBXBuildFile; fileRef = E7BAA7092A39C6C300659660 /* ImageCollectionViewCell.swift */; };
		E7BAA70C2A39CD9B00659660 /* NewPostViewController.swift in Sources */ = {isa = PBXBuildFile; fileRef = E7BAA70B2A39CD9B00659660 /* NewPostViewController.swift */; };
		E7BE103F2A3C0A4D00661CFF /* SqueezeNet.mlmodel in Sources */ = {isa = PBXBuildFile; fileRef = E7BE103E2A3C0A4D00661CFF /* SqueezeNet.mlmodel */; };
		E7BE10412A3C1D6600661CFF /* CommentViewController.swift in Sources */ = {isa = PBXBuildFile; fileRef = E7BE10402A3C1D6600661CFF /* CommentViewController.swift */; };
		E7C036E42A3B0EDC000E9E1E /* ProfileEditViewController.swift in Sources */ = {isa = PBXBuildFile; fileRef = E7C036E32A3B0EDC000E9E1E /* ProfileEditViewController.swift */; };
		E7C036E62A3B1D97000E9E1E /* LoginViewController2.swift in Sources */ = {isa = PBXBuildFile; fileRef = E7C036E52A3B1D97000E9E1E /* LoginViewController2.swift */; };
		E7C036E82A3B1F3D000E9E1E /* PrivacyInfoViewController.swift in Sources */ = {isa = PBXBuildFile; fileRef = E7C036E72A3B1F3D000E9E1E /* PrivacyInfoViewController.swift */; };
		E7C099D22A2ED59F00394819 /* DbFirebasePlan.swift in Sources */ = {isa = PBXBuildFile; fileRef = E7C099D12A2ED59F00394819 /* DbFirebasePlan.swift */; };
		E7D0631E2A2B3CF20024349C /* AppDelegate.swift in Sources */ = {isa = PBXBuildFile; fileRef = E7D0631D2A2B3CF20024349C /* AppDelegate.swift */; };
		E7D063202A2B3CF20024349C /* SceneDelegate.swift in Sources */ = {isa = PBXBuildFile; fileRef = E7D0631F2A2B3CF20024349C /* SceneDelegate.swift */; };
		E7D063222A2B3CF20024349C /* ViewController.swift in Sources */ = {isa = PBXBuildFile; fileRef = E7D063212A2B3CF20024349C /* ViewController.swift */; };
		E7D063272A2B3CF20024349C /* Assets.xcassets in Resources */ = {isa = PBXBuildFile; fileRef = E7D063262A2B3CF20024349C /* Assets.xcassets */; };
		E7D0632A2A2B3CF20024349C /* LaunchScreen.storyboard in Resources */ = {isa = PBXBuildFile; fileRef = E7D063282A2B3CF20024349C /* LaunchScreen.storyboard */; };
		E7D063322A2B3D8E0024349C /* Plan.swift in Sources */ = {isa = PBXBuildFile; fileRef = E7D063312A2B3D8E0024349C /* Plan.swift */; };
		E7D063342A2B3E330024349C /* Database.swift in Sources */ = {isa = PBXBuildFile; fileRef = E7D063332A2B3E330024349C /* Database.swift */; };
		E7D063362A2B3ED10024349C /* DbMemory.swift in Sources */ = {isa = PBXBuildFile; fileRef = E7D063352A2B3ED10024349C /* DbMemory.swift */; };
		E7D063382A2B402D0024349C /* Post.swift in Sources */ = {isa = PBXBuildFile; fileRef = E7D063372A2B402D0024349C /* Post.swift */; };
		E7D0633A2A2B409D0024349C /* PostDatabase.swift in Sources */ = {isa = PBXBuildFile; fileRef = E7D063392A2B409D0024349C /* PostDatabase.swift */; };
		E7D0633C2A2B446D0024349C /* PostDbMemory.swift in Sources */ = {isa = PBXBuildFile; fileRef = E7D0633B2A2B446D0024349C /* PostDbMemory.swift */; };
		E7D0633E2A2B46050024349C /* PlanGroup.swift in Sources */ = {isa = PBXBuildFile; fileRef = E7D0633D2A2B46050024349C /* PlanGroup.swift */; };
		E7D063402A2B4FC80024349C /* PostGroup.swift in Sources */ = {isa = PBXBuildFile; fileRef = E7D0633F2A2B4FC80024349C /* PostGroup.swift */; };
		E7D063422A2B513F0024349C /* ExtendedDate.swift in Sources */ = {isa = PBXBuildFile; fileRef = E7D063412A2B513F0024349C /* ExtendedDate.swift */; };
		E7D063442A2B52A40024349C /* PlanGroupViewController.swift in Sources */ = {isa = PBXBuildFile; fileRef = E7D063432A2B52A40024349C /* PlanGroupViewController.swift */; };
		E7D063482A2B56890024349C /* PostGroupViewController.swift in Sources */ = {isa = PBXBuildFile; fileRef = E7D063472A2B56890024349C /* PostGroupViewController.swift */; };
		E7DF04EF2A33450B00B3D5B5 /* Main.storyboard in Resources */ = {isa = PBXBuildFile; fileRef = E7DF04EE2A33450B00B3D5B5 /* Main.storyboard */; };
		E7DF04F22A33474200B3D5B5 /* FollowersTableViewCell.swift in Sources */ = {isa = PBXBuildFile; fileRef = E7DF04F02A33474200B3D5B5 /* FollowersTableViewCell.swift */; };
		E7DF04F32A33474200B3D5B5 /* FollowersTableViewCell.xib in Resources */ = {isa = PBXBuildFile; fileRef = E7DF04F12A33474200B3D5B5 /* FollowersTableViewCell.xib */; };
		E7EC94792A3AD66500F1B207 /* ProfileViewController3.swift in Sources */ = {isa = PBXBuildFile; fileRef = E7EC94782A3AD66500F1B207 /* ProfileViewController3.swift */; };
		E7EC947B2A3ADBC800F1B207 /* MyPostsCollectionViewCell.swift in Sources */ = {isa = PBXBuildFile; fileRef = E7EC947A2A3ADBC800F1B207 /* MyPostsCollectionViewCell.swift */; };
		E7EC947D2A3B076C00F1B207 /* RegisterViewController2.swift in Sources */ = {isa = PBXBuildFile; fileRef = E7EC947C2A3B076C00F1B207 /* RegisterViewController2.swift */; };
		E7EC947F2A3B0BE900F1B207 /* AlertViewController.swift in Sources */ = {isa = PBXBuildFile; fileRef = E7EC947E2A3B0BE900F1B207 /* AlertViewController.swift */; };
		E7F266032A333FDE000C2392 /* FollowingViewController.swift in Sources */ = {isa = PBXBuildFile; fileRef = E7F266022A333FDE000C2392 /* FollowingViewController.swift */; };
		E7FBF5E02A2B6020005A56DB /* PostTableViewCell.swift in Sources */ = {isa = PBXBuildFile; fileRef = E7FBF5DE2A2B6020005A56DB /* PostTableViewCell.swift */; };
		E7FBF5E12A2B6020005A56DB /* PostTableViewCell.xib in Resources */ = {isa = PBXBuildFile; fileRef = E7FBF5DF2A2B6020005A56DB /* PostTableViewCell.xib */; };
/* End PBXBuildFile section */

/* Begin PBXFileReference section */
		E74BA1262A319B85002BD9B2 /* ListViewController.swift */ = {isa = PBXFileReference; lastKnownFileType = sourcecode.swift; path = ListViewController.swift; sourceTree = "<group>"; };
		E74BA12E2A31AD7F002BD9B2 /* MyDatabase.swift */ = {isa = PBXFileReference; lastKnownFileType = sourcecode.swift; path = MyDatabase.swift; sourceTree = "<group>"; };
		E74F04582A342F9700E5546A /* SearchViewController.swift */ = {isa = PBXFileReference; lastKnownFileType = sourcecode.swift; path = SearchViewController.swift; sourceTree = "<group>"; };
		E74F045A2A343C6F00E5546A /* MyUserFirebaseDatabase.swift */ = {isa = PBXFileReference; lastKnownFileType = sourcecode.swift; path = MyUserFirebaseDatabase.swift; sourceTree = "<group>"; };
		E7650F5E2A331F3F00C841DD /* UserFirebaseDatabase.swift */ = {isa = PBXFileReference; lastKnownFileType = sourcecode.swift; path = UserFirebaseDatabase.swift; sourceTree = "<group>"; };
		E767A5A12A3322000027A896 /* UserGroup.swift */ = {isa = PBXFileReference; lastKnownFileType = sourcecode.swift; path = UserGroup.swift; sourceTree = "<group>"; };
		E78BE1BF2A2EE90E009A3608 /* ProfileViewController.swift */ = {isa = PBXFileReference; lastKnownFileType = sourcecode.swift; path = ProfileViewController.swift; sourceTree = "<group>"; };
		E78BE1C12A2EEAF8009A3608 /* User.swift */ = {isa = PBXFileReference; lastKnownFileType = sourcecode.swift; path = User.swift; sourceTree = "<group>"; };
		E78BE1C32A2EEC05009A3608 /* UserDatabase.swift */ = {isa = PBXFileReference; lastKnownFileType = sourcecode.swift; path = UserDatabase.swift; sourceTree = "<group>"; };
		E78BE1D02A2EF440009A3608 /* RegisterViewController.swift */ = {isa = PBXFileReference; lastKnownFileType = sourcecode.swift; path = RegisterViewController.swift; sourceTree = "<group>"; };
		E78BE1D22A2EFEB4009A3608 /* AuthDatabase.swift */ = {isa = PBXFileReference; lastKnownFileType = sourcecode.swift; path = AuthDatabase.swift; sourceTree = "<group>"; };
		E78BE1D62A2F2A95009A3608 /* Extentions.swift */ = {isa = PBXFileReference; lastKnownFileType = sourcecode.swift; path = Extentions.swift; sourceTree = "<group>"; };
		E78BE1DE2A2F4966009A3608 /* PhotoCollectionViewCell.swift */ = {isa = PBXFileReference; lastKnownFileType = sourcecode.swift; path = PhotoCollectionViewCell.swift; sourceTree = "<group>"; };
		E78BE1E02A2F49A6009A3608 /* ProfileInfoHeaderCollectionReusableView.swift */ = {isa = PBXFileReference; lastKnownFileType = sourcecode.swift; path = ProfileInfoHeaderCollectionReusableView.swift; sourceTree = "<group>"; };
		E78BE1E22A2F4A2E009A3608 /* ProfileTabsCollectionReusableView.swift */ = {isa = PBXFileReference; lastKnownFileType = sourcecode.swift; path = ProfileTabsCollectionReusableView.swift; sourceTree = "<group>"; };
		E78BE1E42A2F4A77009A3608 /* ProfileViewController2.swift */ = {isa = PBXFileReference; lastKnownFileType = sourcecode.swift; path = ProfileViewController2.swift; sourceTree = "<group>"; };
		E79880DA2A2DC3B200736C96 /* DbFirebasePost.swift */ = {isa = PBXFileReference; lastKnownFileType = sourcecode.swift; path = DbFirebasePost.swift; sourceTree = "<group>"; };
		E7A1E3DA2A347EB000382AFB /* UserService.swift */ = {isa = PBXFileReference; lastKnownFileType = sourcecode.swift; path = UserService.swift; sourceTree = "<group>"; };
		E7A1E3DC2A3487E800382AFB /* LoginViewController.swift */ = {isa = PBXFileReference; lastKnownFileType = sourcecode.swift; path = LoginViewController.swift; sourceTree = "<group>"; };
		E7B825EE2A2DA227006AB415 /* GoogleService-Info.plist */ = {isa = PBXFileReference; fileEncoding = 4; lastKnownFileType = text.plist.xml; path = "GoogleService-Info.plist"; sourceTree = "<group>"; };
		E7B825F02A2DA5F7006AB415 /* CameraViewController.swift */ = {isa = PBXFileReference; lastKnownFileType = sourcecode.swift; path = CameraViewController.swift; sourceTree = "<group>"; };
		E7BAA7052A39BCE000659660 /* AlbumViewController.swift */ = {isa = PBXFileReference; lastKnownFileType = sourcecode.swift; path = AlbumViewController.swift; sourceTree = "<group>"; };
		E7BAA7072A39C68000659660 /* AlbumMemoViewController.swift */ = {isa = PBXFileReference; lastKnownFileType = sourcecode.swift; path = AlbumMemoViewController.swift; sourceTree = "<group>"; };
		E7BAA7092A39C6C300659660 /* ImageCollectionViewCell.swift */ = {isa = PBXFileReference; lastKnownFileType = sourcecode.swift; path = ImageCollectionViewCell.swift; sourceTree = "<group>"; };
		E7BAA70B2A39CD9B00659660 /* NewPostViewController.swift */ = {isa = PBXFileReference; lastKnownFileType = sourcecode.swift; path = NewPostViewController.swift; sourceTree = "<group>"; };
		E7BE103E2A3C0A4D00661CFF /* SqueezeNet.mlmodel */ = {isa = PBXFileReference; lastKnownFileType = file.mlmodel; path = SqueezeNet.mlmodel; sourceTree = "<group>"; };
		E7BE10402A3C1D6600661CFF /* CommentViewController.swift */ = {isa = PBXFileReference; lastKnownFileType = sourcecode.swift; path = CommentViewController.swift; sourceTree = "<group>"; };
		E7C036E32A3B0EDC000E9E1E /* ProfileEditViewController.swift */ = {isa = PBXFileReference; lastKnownFileType = sourcecode.swift; path = ProfileEditViewController.swift; sourceTree = "<group>"; };
		E7C036E52A3B1D97000E9E1E /* LoginViewController2.swift */ = {isa = PBXFileReference; lastKnownFileType = sourcecode.swift; path = LoginViewController2.swift; sourceTree = "<group>"; };
		E7C036E72A3B1F3D000E9E1E /* PrivacyInfoViewController.swift */ = {isa = PBXFileReference; lastKnownFileType = sourcecode.swift; path = PrivacyInfoViewController.swift; sourceTree = "<group>"; };
		E7C099D12A2ED59F00394819 /* DbFirebasePlan.swift */ = {isa = PBXFileReference; lastKnownFileType = sourcecode.swift; path = DbFirebasePlan.swift; sourceTree = "<group>"; };
		E7D0631A2A2B3CF20024349C /* project-sangsanggram-1771130-sonminkyu.app */ = {isa = PBXFileReference; explicitFileType = wrapper.application; includeInIndex = 0; path = "project-sangsanggram-1771130-sonminkyu.app"; sourceTree = BUILT_PRODUCTS_DIR; };
		E7D0631D2A2B3CF20024349C /* AppDelegate.swift */ = {isa = PBXFileReference; lastKnownFileType = sourcecode.swift; path = AppDelegate.swift; sourceTree = "<group>"; };
		E7D0631F2A2B3CF20024349C /* SceneDelegate.swift */ = {isa = PBXFileReference; lastKnownFileType = sourcecode.swift; path = SceneDelegate.swift; sourceTree = "<group>"; };
		E7D063212A2B3CF20024349C /* ViewController.swift */ = {isa = PBXFileReference; lastKnownFileType = sourcecode.swift; path = ViewController.swift; sourceTree = "<group>"; };
		E7D063262A2B3CF20024349C /* Assets.xcassets */ = {isa = PBXFileReference; lastKnownFileType = folder.assetcatalog; path = Assets.xcassets; sourceTree = "<group>"; };
		E7D063292A2B3CF20024349C /* Base */ = {isa = PBXFileReference; lastKnownFileType = file.storyboard; name = Base; path = Base.lproj/LaunchScreen.storyboard; sourceTree = "<group>"; };
		E7D0632B2A2B3CF20024349C /* Info.plist */ = {isa = PBXFileReference; lastKnownFileType = text.plist.xml; path = Info.plist; sourceTree = "<group>"; };
		E7D063312A2B3D8E0024349C /* Plan.swift */ = {isa = PBXFileReference; lastKnownFileType = sourcecode.swift; path = Plan.swift; sourceTree = "<group>"; };
		E7D063332A2B3E330024349C /* Database.swift */ = {isa = PBXFileReference; lastKnownFileType = sourcecode.swift; path = Database.swift; sourceTree = "<group>"; };
		E7D063352A2B3ED10024349C /* DbMemory.swift */ = {isa = PBXFileReference; lastKnownFileType = sourcecode.swift; path = DbMemory.swift; sourceTree = "<group>"; };
		E7D063372A2B402D0024349C /* Post.swift */ = {isa = PBXFileReference; lastKnownFileType = sourcecode.swift; path = Post.swift; sourceTree = "<group>"; };
		E7D063392A2B409D0024349C /* PostDatabase.swift */ = {isa = PBXFileReference; lastKnownFileType = sourcecode.swift; path = PostDatabase.swift; sourceTree = "<group>"; };
		E7D0633B2A2B446D0024349C /* PostDbMemory.swift */ = {isa = PBXFileReference; lastKnownFileType = sourcecode.swift; path = PostDbMemory.swift; sourceTree = "<group>"; };
		E7D0633D2A2B46050024349C /* PlanGroup.swift */ = {isa = PBXFileReference; lastKnownFileType = sourcecode.swift; path = PlanGroup.swift; sourceTree = "<group>"; };
		E7D0633F2A2B4FC80024349C /* PostGroup.swift */ = {isa = PBXFileReference; lastKnownFileType = sourcecode.swift; path = PostGroup.swift; sourceTree = "<group>"; };
		E7D063412A2B513F0024349C /* ExtendedDate.swift */ = {isa = PBXFileReference; lastKnownFileType = sourcecode.swift; path = ExtendedDate.swift; sourceTree = "<group>"; };
		E7D063432A2B52A40024349C /* PlanGroupViewController.swift */ = {isa = PBXFileReference; lastKnownFileType = sourcecode.swift; path = PlanGroupViewController.swift; sourceTree = "<group>"; };
		E7D063472A2B56890024349C /* PostGroupViewController.swift */ = {isa = PBXFileReference; lastKnownFileType = sourcecode.swift; path = PostGroupViewController.swift; sourceTree = "<group>"; };
		E7DF04EE2A33450B00B3D5B5 /* Main.storyboard */ = {isa = PBXFileReference; fileEncoding = 4; lastKnownFileType = file.storyboard; path = Main.storyboard; sourceTree = "<group>"; };
		E7DF04F02A33474200B3D5B5 /* FollowersTableViewCell.swift */ = {isa = PBXFileReference; lastKnownFileType = sourcecode.swift; path = FollowersTableViewCell.swift; sourceTree = "<group>"; };
		E7DF04F12A33474200B3D5B5 /* FollowersTableViewCell.xib */ = {isa = PBXFileReference; lastKnownFileType = file.xib; path = FollowersTableViewCell.xib; sourceTree = "<group>"; };
		E7EC94782A3AD66500F1B207 /* ProfileViewController3.swift */ = {isa = PBXFileReference; lastKnownFileType = sourcecode.swift; path = ProfileViewController3.swift; sourceTree = "<group>"; };
		E7EC947A2A3ADBC800F1B207 /* MyPostsCollectionViewCell.swift */ = {isa = PBXFileReference; lastKnownFileType = sourcecode.swift; path = MyPostsCollectionViewCell.swift; sourceTree = "<group>"; };
		E7EC947C2A3B076C00F1B207 /* RegisterViewController2.swift */ = {isa = PBXFileReference; lastKnownFileType = sourcecode.swift; path = RegisterViewController2.swift; sourceTree = "<group>"; };
		E7EC947E2A3B0BE900F1B207 /* AlertViewController.swift */ = {isa = PBXFileReference; lastKnownFileType = sourcecode.swift; path = AlertViewController.swift; sourceTree = "<group>"; };
		E7F266022A333FDE000C2392 /* FollowingViewController.swift */ = {isa = PBXFileReference; lastKnownFileType = sourcecode.swift; path = FollowingViewController.swift; sourceTree = "<group>"; };
		E7FBF5DE2A2B6020005A56DB /* PostTableViewCell.swift */ = {isa = PBXFileReference; lastKnownFileType = sourcecode.swift; path = PostTableViewCell.swift; sourceTree = "<group>"; };
		E7FBF5DF2A2B6020005A56DB /* PostTableViewCell.xib */ = {isa = PBXFileReference; lastKnownFileType = file.xib; path = PostTableViewCell.xib; sourceTree = "<group>"; };
/* End PBXFileReference section */

/* Begin PBXFrameworksBuildPhase section */
		E7D063172A2B3CF20024349C /* Frameworks */ = {
			isa = PBXFrameworksBuildPhase;
			buildActionMask = 2147483647;
			files = (
				E7B825CB2A2D9FAB006AB415 /* FirebaseDatabase in Frameworks */,
				E7B825D92A2D9FAB006AB415 /* FirebaseFunctionsCombine-Community in Frameworks */,
				E7B825D12A2D9FAB006AB415 /* FirebaseFirestore in Frameworks */,
				E7B825BD2A2D9FAB006AB415 /* FirebaseAnalyticsSwift in Frameworks */,
				E7B825B92A2D9FAB006AB415 /* FirebaseAnalytics in Frameworks */,
				E7B825BB2A2D9FAB006AB415 /* FirebaseAnalyticsOnDeviceConversion in Frameworks */,
				E7B825E12A2D9FAB006AB415 /* FirebaseMLModelDownloader in Frameworks */,
				E7B825D52A2D9FAB006AB415 /* FirebaseFirestoreSwift in Frameworks */,
				E7B825C12A2D9FAB006AB415 /* FirebaseAppCheck in Frameworks */,
				E7B825BF2A2D9FAB006AB415 /* FirebaseAnalyticsWithoutAdIdSupport in Frameworks */,
				E7B825C52A2D9FAB006AB415 /* FirebaseAuth in Frameworks */,
				E7B825C92A2D9FAB006AB415 /* FirebaseCrashlytics in Frameworks */,
				E7B825E92A2D9FAB006AB415 /* FirebaseRemoteConfigSwift in Frameworks */,
				E7B825DB2A2D9FAB006AB415 /* FirebaseInAppMessaging-Beta in Frameworks */,
				E7B825CD2A2D9FAB006AB415 /* FirebaseDatabaseSwift in Frameworks */,
				E7B825D72A2D9FAB006AB415 /* FirebaseFunctions in Frameworks */,
				E7B825ED2A2D9FAB006AB415 /* FirebaseStorageCombine-Community in Frameworks */,
				E7B825E72A2D9FAB006AB415 /* FirebaseRemoteConfig in Frameworks */,
				E7B825C32A2D9FAB006AB415 /* FirebaseAppDistribution-Beta in Frameworks */,
				E7B825C72A2D9FAB006AB415 /* FirebaseAuthCombine-Community in Frameworks */,
				E7B825E52A2D9FAB006AB415 /* FirebasePerformance in Frameworks */,
				E7B825DD2A2D9FAB006AB415 /* FirebaseInAppMessagingSwift-Beta in Frameworks */,
				E7B825EB2A2D9FAB006AB415 /* FirebaseStorage in Frameworks */,
				E7B825CF2A2D9FAB006AB415 /* FirebaseDynamicLinks in Frameworks */,
				E7B825D32A2D9FAB006AB415 /* FirebaseFirestoreCombine-Community in Frameworks */,
				E7B825E32A2D9FAB006AB415 /* FirebaseMessaging in Frameworks */,
				E7B825DF2A2D9FAB006AB415 /* FirebaseInstallations in Frameworks */,
			);
			runOnlyForDeploymentPostprocessing = 0;
		};
/* End PBXFrameworksBuildPhase section */

/* Begin PBXGroup section */
		E74BA1282A31AA09002BD9B2 /* Post */ = {
			isa = PBXGroup;
			children = (
				E7BE10422A3C1D6900661CFF /* Comment */,
				E7B825F02A2DA5F7006AB415 /* CameraViewController.swift */,
				E7D063472A2B56890024349C /* PostGroupViewController.swift */,
				E7FBF5DE2A2B6020005A56DB /* PostTableViewCell.swift */,
				E7FBF5DF2A2B6020005A56DB /* PostTableViewCell.xib */,
				E79880DA2A2DC3B200736C96 /* DbFirebasePost.swift */,
				E7D063392A2B409D0024349C /* PostDatabase.swift */,
				E7D0633B2A2B446D0024349C /* PostDbMemory.swift */,
				E7D0633F2A2B4FC80024349C /* PostGroup.swift */,
			);
			path = Post;
			sourceTree = "<group>";
		};
		E74BA1292A31AA52002BD9B2 /* User */ = {
			isa = PBXGroup;
			children = (
				E78BE1C12A2EEAF8009A3608 /* User.swift */,
				E78BE1C32A2EEC05009A3608 /* UserDatabase.swift */,
				E7650F5E2A331F3F00C841DD /* UserFirebaseDatabase.swift */,
				E767A5A12A3322000027A896 /* UserGroup.swift */,
				E74F045A2A343C6F00E5546A /* MyUserFirebaseDatabase.swift */,
				E7A1E3DA2A347EB000382AFB /* UserService.swift */,
			);
			path = User;
			sourceTree = "<group>";
		};
		E74F04572A342F7F00E5546A /* Search */ = {
			isa = PBXGroup;
			children = (
				E74F04582A342F9700E5546A /* SearchViewController.swift */,
			);
			path = Search;
			sourceTree = "<group>";
		};
		E78BE1CD2A2EF33C009A3608 /* Auth */ = {
			isa = PBXGroup;
			children = (
				E78BE1D02A2EF440009A3608 /* RegisterViewController.swift */,
				E78BE1D22A2EFEB4009A3608 /* AuthDatabase.swift */,
				E7A1E3DC2A3487E800382AFB /* LoginViewController.swift */,
				E7EC947C2A3B076C00F1B207 /* RegisterViewController2.swift */,
				E7C036E52A3B1D97000E9E1E /* LoginViewController2.swift */,
				E7C036E72A3B1F3D000E9E1E /* PrivacyInfoViewController.swift */,
			);
			path = Auth;
			sourceTree = "<group>";
		};
		E78BE1DC2A2F4687009A3608 /* Profile */ = {
			isa = PBXGroup;
			children = (
				E78BE1BF2A2EE90E009A3608 /* ProfileViewController.swift */,
				E78BE1DE2A2F4966009A3608 /* PhotoCollectionViewCell.swift */,
				E78BE1E02A2F49A6009A3608 /* ProfileInfoHeaderCollectionReusableView.swift */,
				E78BE1E22A2F4A2E009A3608 /* ProfileTabsCollectionReusableView.swift */,
				E78BE1E42A2F4A77009A3608 /* ProfileViewController2.swift */,
				E7F266022A333FDE000C2392 /* FollowingViewController.swift */,
				E7DF04F02A33474200B3D5B5 /* FollowersTableViewCell.swift */,
				E7DF04F12A33474200B3D5B5 /* FollowersTableViewCell.xib */,
				E7EC94782A3AD66500F1B207 /* ProfileViewController3.swift */,
				E7EC947A2A3ADBC800F1B207 /* MyPostsCollectionViewCell.swift */,
				E7C036E32A3B0EDC000E9E1E /* ProfileEditViewController.swift */,
			);
			path = Profile;
			sourceTree = "<group>";
		};
		E78BE1DD2A2F4925009A3608 /* CollectionViewHeaders */ = {
			isa = PBXGroup;
			children = (
			);
			path = CollectionViewHeaders;
			sourceTree = "<group>";
		};
		E7BAA7042A39BCCF00659660 /* ch13 */ = {
			isa = PBXGroup;
			children = (
				E7BAA7052A39BCE000659660 /* AlbumViewController.swift */,
				E7BAA7072A39C68000659660 /* AlbumMemoViewController.swift */,
				E7BAA7092A39C6C300659660 /* ImageCollectionViewCell.swift */,
				E7BAA70B2A39CD9B00659660 /* NewPostViewController.swift */,
			);
			path = ch13;
			sourceTree = "<group>";
		};
		E7BE10422A3C1D6900661CFF /* Comment */ = {
			isa = PBXGroup;
			children = (
				E7BE10402A3C1D6600661CFF /* CommentViewController.swift */,
			);
			path = Comment;
			sourceTree = "<group>";
		};
		E7D063112A2B3CF20024349C = {
			isa = PBXGroup;
			children = (
				E7D0631C2A2B3CF20024349C /* project-sangsanggram-1771130-sonminkyu */,
				E7D0631B2A2B3CF20024349C /* Products */,
			);
			sourceTree = "<group>";
		};
		E7D0631B2A2B3CF20024349C /* Products */ = {
			isa = PBXGroup;
			children = (
				E7D0631A2A2B3CF20024349C /* project-sangsanggram-1771130-sonminkyu.app */,
			);
			name = Products;
			sourceTree = "<group>";
		};
		E7D0631C2A2B3CF20024349C /* project-sangsanggram-1771130-sonminkyu */ = {
			isa = PBXGroup;
			children = (
				E7BE103E2A3C0A4D00661CFF /* SqueezeNet.mlmodel */,
				E7BAA7042A39BCCF00659660 /* ch13 */,
				E74F04572A342F7F00E5546A /* Search */,
				E7DF04EE2A33450B00B3D5B5 /* Main.storyboard */,
				E74BA1292A31AA52002BD9B2 /* User */,
				E74BA1282A31AA09002BD9B2 /* Post */,
				E78BE1DD2A2F4925009A3608 /* CollectionViewHeaders */,
				E78BE1DC2A2F4687009A3608 /* Profile */,
				E78BE1CD2A2EF33C009A3608 /* Auth */,
				E7D0631D2A2B3CF20024349C /* AppDelegate.swift */,
				E7D0631F2A2B3CF20024349C /* SceneDelegate.swift */,
				E7D063212A2B3CF20024349C /* ViewController.swift */,
				E7D063262A2B3CF20024349C /* Assets.xcassets */,
				E7D063282A2B3CF20024349C /* LaunchScreen.storyboard */,
				E7D0632B2A2B3CF20024349C /* Info.plist */,
				E7D063372A2B402D0024349C /* Post.swift */,
				E7D063312A2B3D8E0024349C /* Plan.swift */,
				E7D063332A2B3E330024349C /* Database.swift */,
				E7D063352A2B3ED10024349C /* DbMemory.swift */,
				E7B825EE2A2DA227006AB415 /* GoogleService-Info.plist */,
				E7D063412A2B513F0024349C /* ExtendedDate.swift */,
				E7D063432A2B52A40024349C /* PlanGroupViewController.swift */,
				E7C099D12A2ED59F00394819 /* DbFirebasePlan.swift */,
				E7D0633D2A2B46050024349C /* PlanGroup.swift */,
				E78BE1D62A2F2A95009A3608 /* Extentions.swift */,
				E74BA1262A319B85002BD9B2 /* ListViewController.swift */,
				E74BA12E2A31AD7F002BD9B2 /* MyDatabase.swift */,
				E7EC947E2A3B0BE900F1B207 /* AlertViewController.swift */,
			);
			path = "project-sangsanggram-1771130-sonminkyu";
			sourceTree = "<group>";
		};
/* End PBXGroup section */

/* Begin PBXNativeTarget section */
		E7D063192A2B3CF20024349C /* project-sangsanggram-1771130-sonminkyu */ = {
			isa = PBXNativeTarget;
			buildConfigurationList = E7D0632E2A2B3CF20024349C /* Build configuration list for PBXNativeTarget "project-sangsanggram-1771130-sonminkyu" */;
			buildPhases = (
				E7D063162A2B3CF20024349C /* Sources */,
				E7D063172A2B3CF20024349C /* Frameworks */,
				E7D063182A2B3CF20024349C /* Resources */,
			);
			buildRules = (
			);
			dependencies = (
			);
			name = "project-sangsanggram-1771130-sonminkyu";
			packageProductDependencies = (
				E7B825B82A2D9FAB006AB415 /* FirebaseAnalytics */,
				E7B825BA2A2D9FAB006AB415 /* FirebaseAnalyticsOnDeviceConversion */,
				E7B825BC2A2D9FAB006AB415 /* FirebaseAnalyticsSwift */,
				E7B825BE2A2D9FAB006AB415 /* FirebaseAnalyticsWithoutAdIdSupport */,
				E7B825C02A2D9FAB006AB415 /* FirebaseAppCheck */,
				E7B825C22A2D9FAB006AB415 /* FirebaseAppDistribution-Beta */,
				E7B825C42A2D9FAB006AB415 /* FirebaseAuth */,
				E7B825C62A2D9FAB006AB415 /* FirebaseAuthCombine-Community */,
				E7B825C82A2D9FAB006AB415 /* FirebaseCrashlytics */,
				E7B825CA2A2D9FAB006AB415 /* FirebaseDatabase */,
				E7B825CC2A2D9FAB006AB415 /* FirebaseDatabaseSwift */,
				E7B825CE2A2D9FAB006AB415 /* FirebaseDynamicLinks */,
				E7B825D02A2D9FAB006AB415 /* FirebaseFirestore */,
				E7B825D22A2D9FAB006AB415 /* FirebaseFirestoreCombine-Community */,
				E7B825D42A2D9FAB006AB415 /* FirebaseFirestoreSwift */,
				E7B825D62A2D9FAB006AB415 /* FirebaseFunctions */,
				E7B825D82A2D9FAB006AB415 /* FirebaseFunctionsCombine-Community */,
				E7B825DA2A2D9FAB006AB415 /* FirebaseInAppMessaging-Beta */,
				E7B825DC2A2D9FAB006AB415 /* FirebaseInAppMessagingSwift-Beta */,
				E7B825DE2A2D9FAB006AB415 /* FirebaseInstallations */,
				E7B825E02A2D9FAB006AB415 /* FirebaseMLModelDownloader */,
				E7B825E22A2D9FAB006AB415 /* FirebaseMessaging */,
				E7B825E42A2D9FAB006AB415 /* FirebasePerformance */,
				E7B825E62A2D9FAB006AB415 /* FirebaseRemoteConfig */,
				E7B825E82A2D9FAB006AB415 /* FirebaseRemoteConfigSwift */,
				E7B825EA2A2D9FAB006AB415 /* FirebaseStorage */,
				E7B825EC2A2D9FAB006AB415 /* FirebaseStorageCombine-Community */,
			);
			productName = "project-sangsanggram-1771130-sonminkyu";
			productReference = E7D0631A2A2B3CF20024349C /* project-sangsanggram-1771130-sonminkyu.app */;
			productType = "com.apple.product-type.application";
		};
/* End PBXNativeTarget section */

/* Begin PBXProject section */
		E7D063122A2B3CF20024349C /* Project object */ = {
			isa = PBXProject;
			attributes = {
				BuildIndependentTargetsInParallel = 1;
				LastSwiftUpdateCheck = 1420;
				LastUpgradeCheck = 1420;
				TargetAttributes = {
					E7D063192A2B3CF20024349C = {
						CreatedOnToolsVersion = 14.2;
					};
				};
			};
			buildConfigurationList = E7D063152A2B3CF20024349C /* Build configuration list for PBXProject "project-sangsanggram-1771130-sonminkyu" */;
			compatibilityVersion = "Xcode 14.0";
			developmentRegion = en;
			hasScannedForEncodings = 0;
			knownRegions = (
				en,
				Base,
			);
			mainGroup = E7D063112A2B3CF20024349C;
			packageReferences = (
				E7B825B72A2D9FAB006AB415 /* XCRemoteSwiftPackageReference "firebase-ios-sdk" */,
			);
			productRefGroup = E7D0631B2A2B3CF20024349C /* Products */;
			projectDirPath = "";
			projectRoot = "";
			targets = (
				E7D063192A2B3CF20024349C /* project-sangsanggram-1771130-sonminkyu */,
			);
		};
/* End PBXProject section */

/* Begin PBXResourcesBuildPhase section */
		E7D063182A2B3CF20024349C /* Resources */ = {
			isa = PBXResourcesBuildPhase;
			buildActionMask = 2147483647;
			files = (
				E7D0632A2A2B3CF20024349C /* LaunchScreen.storyboard in Resources */,
				E7DF04EF2A33450B00B3D5B5 /* Main.storyboard in Resources */,
				E7D063272A2B3CF20024349C /* Assets.xcassets in Resources */,
				E7DF04F32A33474200B3D5B5 /* FollowersTableViewCell.xib in Resources */,
				E7B825EF2A2DA227006AB415 /* GoogleService-Info.plist in Resources */,
				E7FBF5E12A2B6020005A56DB /* PostTableViewCell.xib in Resources */,
			);
			runOnlyForDeploymentPostprocessing = 0;
		};
/* End PBXResourcesBuildPhase section */

/* Begin PBXSourcesBuildPhase section */
		E7D063162A2B3CF20024349C /* Sources */ = {
			isa = PBXSourcesBuildPhase;
			buildActionMask = 2147483647;
			files = (
				E7D0633A2A2B409D0024349C /* PostDatabase.swift in Sources */,
				E7D0633C2A2B446D0024349C /* PostDbMemory.swift in Sources */,
				E78BE1DF2A2F4966009A3608 /* PhotoCollectionViewCell.swift in Sources */,
				E78BE1C02A2EE90E009A3608 /* ProfileViewController.swift in Sources */,
				E7A1E3DD2A3487E800382AFB /* LoginViewController.swift in Sources */,
				E7BE10412A3C1D6600661CFF /* CommentViewController.swift in Sources */,
				E7BAA70A2A39C6C300659660 /* ImageCollectionViewCell.swift in Sources */,
				E7B825F12A2DA5F7006AB415 /* CameraViewController.swift in Sources */,
				E78BE1E52A2F4A77009A3608 /* ProfileViewController2.swift in Sources */,
				E78BE1D32A2EFEB4009A3608 /* AuthDatabase.swift in Sources */,
				E7FBF5E02A2B6020005A56DB /* PostTableViewCell.swift in Sources */,
				E7D0633E2A2B46050024349C /* PlanGroup.swift in Sources */,
				E7EC947F2A3B0BE900F1B207 /* AlertViewController.swift in Sources */,
				E7EC947D2A3B076C00F1B207 /* RegisterViewController2.swift in Sources */,
				E7D063322A2B3D8E0024349C /* Plan.swift in Sources */,
				E78BE1D72A2F2A95009A3608 /* Extentions.swift in Sources */,
				E7C036E62A3B1D97000E9E1E /* LoginViewController2.swift in Sources */,
				E78BE1C42A2EEC05009A3608 /* UserDatabase.swift in Sources */,
				E7BE103F2A3C0A4D00661CFF /* SqueezeNet.mlmodel in Sources */,
				E74BA12F2A31AD7F002BD9B2 /* MyDatabase.swift in Sources */,
				E78BE1E32A2F4A2E009A3608 /* ProfileTabsCollectionReusableView.swift in Sources */,
				E7BAA7062A39BCE000659660 /* AlbumViewController.swift in Sources */,
				E7BAA70C2A39CD9B00659660 /* NewPostViewController.swift in Sources */,
				E7A1E3DB2A347EB000382AFB /* UserService.swift in Sources */,
				E7D063222A2B3CF20024349C /* ViewController.swift in Sources */,
				E74F04592A342F9700E5546A /* SearchViewController.swift in Sources */,
				E7650F5F2A331F3F00C841DD /* UserFirebaseDatabase.swift in Sources */,
				E7F266032A333FDE000C2392 /* FollowingViewController.swift in Sources */,
				E74F045B2A343C6F00E5546A /* MyUserFirebaseDatabase.swift in Sources */,
				E7EC947B2A3ADBC800F1B207 /* MyPostsCollectionViewCell.swift in Sources */,
				E7BAA7082A39C68000659660 /* AlbumMemoViewController.swift in Sources */,
				E74BA1272A319B85002BD9B2 /* ListViewController.swift in Sources */,
				E7D063442A2B52A40024349C /* PlanGroupViewController.swift in Sources */,
				E7C036E42A3B0EDC000E9E1E /* ProfileEditViewController.swift in Sources */,
				E7D0631E2A2B3CF20024349C /* AppDelegate.swift in Sources */,
				E7C099D22A2ED59F00394819 /* DbFirebasePlan.swift in Sources */,
				E7DF04F22A33474200B3D5B5 /* FollowersTableViewCell.swift in Sources */,
				E78BE1E12A2F49A6009A3608 /* ProfileInfoHeaderCollectionReusableView.swift in Sources */,
				E7C036E82A3B1F3D000E9E1E /* PrivacyInfoViewController.swift in Sources */,
				E7D063342A2B3E330024349C /* Database.swift in Sources */,
				E767A5A22A3322000027A896 /* UserGroup.swift in Sources */,
				E78BE1D12A2EF440009A3608 /* RegisterViewController.swift in Sources */,
				E7D063362A2B3ED10024349C /* DbMemory.swift in Sources */,
				E7D063422A2B513F0024349C /* ExtendedDate.swift in Sources */,
				E7EC94792A3AD66500F1B207 /* ProfileViewController3.swift in Sources */,
				E7D063482A2B56890024349C /* PostGroupViewController.swift in Sources */,
				E7D063402A2B4FC80024349C /* PostGroup.swift in Sources */,
				E79880DB2A2DC3B200736C96 /* DbFirebasePost.swift in Sources */,
				E7D063382A2B402D0024349C /* Post.swift in Sources */,
				E7D063202A2B3CF20024349C /* SceneDelegate.swift in Sources */,
				E78BE1C22A2EEAF8009A3608 /* User.swift in Sources */,
			);
			runOnlyForDeploymentPostprocessing = 0;
		};
/* End PBXSourcesBuildPhase section */

/* Begin PBXVariantGroup section */
		E7D063282A2B3CF20024349C /* LaunchScreen.storyboard */ = {
			isa = PBXVariantGroup;
			children = (
				E7D063292A2B3CF20024349C /* Base */,
			);
			name = LaunchScreen.storyboard;
			sourceTree = "<group>";
		};
/* End PBXVariantGroup section */

/* Begin XCBuildConfiguration section */
		E7D0632C2A2B3CF20024349C /* Debug */ = {
			isa = XCBuildConfiguration;
			buildSettings = {
				ALWAYS_SEARCH_USER_PATHS = NO;
				CLANG_ANALYZER_NONNULL = YES;
				CLANG_ANALYZER_NUMBER_OBJECT_CONVERSION = YES_AGGRESSIVE;
				CLANG_CXX_LANGUAGE_STANDARD = "gnu++20";
				CLANG_ENABLE_MODULES = YES;
				CLANG_ENABLE_OBJC_ARC = YES;
				CLANG_ENABLE_OBJC_WEAK = YES;
				CLANG_WARN_BLOCK_CAPTURE_AUTORELEASING = YES;
				CLANG_WARN_BOOL_CONVERSION = YES;
				CLANG_WARN_COMMA = YES;
				CLANG_WARN_CONSTANT_CONVERSION = YES;
				CLANG_WARN_DEPRECATED_OBJC_IMPLEMENTATIONS = YES;
				CLANG_WARN_DIRECT_OBJC_ISA_USAGE = YES_ERROR;
				CLANG_WARN_DOCUMENTATION_COMMENTS = YES;
				CLANG_WARN_EMPTY_BODY = YES;
				CLANG_WARN_ENUM_CONVERSION = YES;
				CLANG_WARN_INFINITE_RECURSION = YES;
				CLANG_WARN_INT_CONVERSION = YES;
				CLANG_WARN_NON_LITERAL_NULL_CONVERSION = YES;
				CLANG_WARN_OBJC_IMPLICIT_RETAIN_SELF = YES;
				CLANG_WARN_OBJC_LITERAL_CONVERSION = YES;
				CLANG_WARN_OBJC_ROOT_CLASS = YES_ERROR;
				CLANG_WARN_QUOTED_INCLUDE_IN_FRAMEWORK_HEADER = YES;
				CLANG_WARN_RANGE_LOOP_ANALYSIS = YES;
				CLANG_WARN_STRICT_PROTOTYPES = YES;
				CLANG_WARN_SUSPICIOUS_MOVE = YES;
				CLANG_WARN_UNGUARDED_AVAILABILITY = YES_AGGRESSIVE;
				CLANG_WARN_UNREACHABLE_CODE = YES;
				CLANG_WARN__DUPLICATE_METHOD_MATCH = YES;
				COPY_PHASE_STRIP = NO;
				DEBUG_INFORMATION_FORMAT = dwarf;
				ENABLE_STRICT_OBJC_MSGSEND = YES;
				ENABLE_TESTABILITY = YES;
				GCC_C_LANGUAGE_STANDARD = gnu11;
				GCC_DYNAMIC_NO_PIC = NO;
				GCC_NO_COMMON_BLOCKS = YES;
				GCC_OPTIMIZATION_LEVEL = 0;
				GCC_PREPROCESSOR_DEFINITIONS = (
					"DEBUG=1",
					"$(inherited)",
				);
				GCC_WARN_64_TO_32_BIT_CONVERSION = YES;
				GCC_WARN_ABOUT_RETURN_TYPE = YES_ERROR;
				GCC_WARN_UNDECLARED_SELECTOR = YES;
				GCC_WARN_UNINITIALIZED_AUTOS = YES_AGGRESSIVE;
				GCC_WARN_UNUSED_FUNCTION = YES;
				GCC_WARN_UNUSED_VARIABLE = YES;
				IPHONEOS_DEPLOYMENT_TARGET = 14.0;
				MTL_ENABLE_DEBUG_INFO = INCLUDE_SOURCE;
				MTL_FAST_MATH = YES;
				ONLY_ACTIVE_ARCH = YES;
				SDKROOT = iphoneos;
				SWIFT_ACTIVE_COMPILATION_CONDITIONS = DEBUG;
				SWIFT_OPTIMIZATION_LEVEL = "-Onone";
			};
			name = Debug;
		};
		E7D0632D2A2B3CF20024349C /* Release */ = {
			isa = XCBuildConfiguration;
			buildSettings = {
				ALWAYS_SEARCH_USER_PATHS = NO;
				CLANG_ANALYZER_NONNULL = YES;
				CLANG_ANALYZER_NUMBER_OBJECT_CONVERSION = YES_AGGRESSIVE;
				CLANG_CXX_LANGUAGE_STANDARD = "gnu++20";
				CLANG_ENABLE_MODULES = YES;
				CLANG_ENABLE_OBJC_ARC = YES;
				CLANG_ENABLE_OBJC_WEAK = YES;
				CLANG_WARN_BLOCK_CAPTURE_AUTORELEASING = YES;
				CLANG_WARN_BOOL_CONVERSION = YES;
				CLANG_WARN_COMMA = YES;
				CLANG_WARN_CONSTANT_CONVERSION = YES;
				CLANG_WARN_DEPRECATED_OBJC_IMPLEMENTATIONS = YES;
				CLANG_WARN_DIRECT_OBJC_ISA_USAGE = YES_ERROR;
				CLANG_WARN_DOCUMENTATION_COMMENTS = YES;
				CLANG_WARN_EMPTY_BODY = YES;
				CLANG_WARN_ENUM_CONVERSION = YES;
				CLANG_WARN_INFINITE_RECURSION = YES;
				CLANG_WARN_INT_CONVERSION = YES;
				CLANG_WARN_NON_LITERAL_NULL_CONVERSION = YES;
				CLANG_WARN_OBJC_IMPLICIT_RETAIN_SELF = YES;
				CLANG_WARN_OBJC_LITERAL_CONVERSION = YES;
				CLANG_WARN_OBJC_ROOT_CLASS = YES_ERROR;
				CLANG_WARN_QUOTED_INCLUDE_IN_FRAMEWORK_HEADER = YES;
				CLANG_WARN_RANGE_LOOP_ANALYSIS = YES;
				CLANG_WARN_STRICT_PROTOTYPES = YES;
				CLANG_WARN_SUSPICIOUS_MOVE = YES;
				CLANG_WARN_UNGUARDED_AVAILABILITY = YES_AGGRESSIVE;
				CLANG_WARN_UNREACHABLE_CODE = YES;
				CLANG_WARN__DUPLICATE_METHOD_MATCH = YES;
				COPY_PHASE_STRIP = NO;
				DEBUG_INFORMATION_FORMAT = "dwarf-with-dsym";
				ENABLE_NS_ASSERTIONS = NO;
				ENABLE_STRICT_OBJC_MSGSEND = YES;
				GCC_C_LANGUAGE_STANDARD = gnu11;
				GCC_NO_COMMON_BLOCKS = YES;
				GCC_WARN_64_TO_32_BIT_CONVERSION = YES;
				GCC_WARN_ABOUT_RETURN_TYPE = YES_ERROR;
				GCC_WARN_UNDECLARED_SELECTOR = YES;
				GCC_WARN_UNINITIALIZED_AUTOS = YES_AGGRESSIVE;
				GCC_WARN_UNUSED_FUNCTION = YES;
				GCC_WARN_UNUSED_VARIABLE = YES;
				IPHONEOS_DEPLOYMENT_TARGET = 14.0;
				MTL_ENABLE_DEBUG_INFO = NO;
				MTL_FAST_MATH = YES;
				SDKROOT = iphoneos;
				SWIFT_COMPILATION_MODE = wholemodule;
				SWIFT_OPTIMIZATION_LEVEL = "-O";
				VALIDATE_PRODUCT = YES;
			};
			name = Release;
		};
		E7D0632F2A2B3CF20024349C /* Debug */ = {
			isa = XCBuildConfiguration;
			buildSettings = {
				ASSETCATALOG_COMPILER_APPICON_NAME = AppIcon;
				ASSETCATALOG_COMPILER_GLOBAL_ACCENT_COLOR_NAME = AccentColor;
				CODE_SIGN_STYLE = Automatic;
				CURRENT_PROJECT_VERSION = 1;
				DEVELOPMENT_TEAM = VN2BYUMG75;
				GENERATE_INFOPLIST_FILE = YES;
				INFOPLIST_FILE = "project-sangsanggram-1771130-sonminkyu/Info.plist";
				INFOPLIST_KEY_UIApplicationSupportsIndirectInputEvents = YES;
				INFOPLIST_KEY_UILaunchStoryboardName = LaunchScreen;
				INFOPLIST_KEY_UIMainStoryboardFile = Main;
				INFOPLIST_KEY_UISupportedInterfaceOrientations_iPad = "UIInterfaceOrientationPortrait UIInterfaceOrientationPortraitUpsideDown UIInterfaceOrientationLandscapeLeft UIInterfaceOrientationLandscapeRight";
				INFOPLIST_KEY_UISupportedInterfaceOrientations_iPhone = "UIInterfaceOrientationPortrait UIInterfaceOrientationLandscapeLeft UIInterfaceOrientationLandscapeRight";
				LD_RUNPATH_SEARCH_PATHS = (
					"$(inherited)",
					"@executable_path/Frameworks",
				);
				MARKETING_VERSION = 1.0;
				PRODUCT_BUNDLE_IDENTIFIER = "MinKyu-Son.project-sangsanggram-1771130-sonminkyu";
				PRODUCT_NAME = "$(TARGET_NAME)";
				SWIFT_EMIT_LOC_STRINGS = YES;
				SWIFT_VERSION = 5.0;
				TARGETED_DEVICE_FAMILY = "1,2";
			};
			name = Debug;
		};
		E7D063302A2B3CF20024349C /* Release */ = {
			isa = XCBuildConfiguration;
			buildSettings = {
				ASSETCATALOG_COMPILER_APPICON_NAME = AppIcon;
				ASSETCATALOG_COMPILER_GLOBAL_ACCENT_COLOR_NAME = AccentColor;
				CODE_SIGN_STYLE = Automatic;
				CURRENT_PROJECT_VERSION = 1;
				DEVELOPMENT_TEAM = VN2BYUMG75;
				GENERATE_INFOPLIST_FILE = YES;
				INFOPLIST_FILE = "project-sangsanggram-1771130-sonminkyu/Info.plist";
				INFOPLIST_KEY_UIApplicationSupportsIndirectInputEvents = YES;
				INFOPLIST_KEY_UILaunchStoryboardName = LaunchScreen;
				INFOPLIST_KEY_UIMainStoryboardFile = Main;
				INFOPLIST_KEY_UISupportedInterfaceOrientations_iPad = "UIInterfaceOrientationPortrait UIInterfaceOrientationPortraitUpsideDown UIInterfaceOrientationLandscapeLeft UIInterfaceOrientationLandscapeRight";
				INFOPLIST_KEY_UISupportedInterfaceOrientations_iPhone = "UIInterfaceOrientationPortrait UIInterfaceOrientationLandscapeLeft UIInterfaceOrientationLandscapeRight";
				LD_RUNPATH_SEARCH_PATHS = (
					"$(inherited)",
					"@executable_path/Frameworks",
				);
				MARKETING_VERSION = 1.0;
				PRODUCT_BUNDLE_IDENTIFIER = "MinKyu-Son.project-sangsanggram-1771130-sonminkyu";
				PRODUCT_NAME = "$(TARGET_NAME)";
				SWIFT_EMIT_LOC_STRINGS = YES;
				SWIFT_VERSION = 5.0;
				TARGETED_DEVICE_FAMILY = "1,2";
			};
			name = Release;
		};
/* End XCBuildConfiguration section */

/* Begin XCConfigurationList section */
		E7D063152A2B3CF20024349C /* Build configuration list for PBXProject "project-sangsanggram-1771130-sonminkyu" */ = {
			isa = XCConfigurationList;
			buildConfigurations = (
				E7D0632C2A2B3CF20024349C /* Debug */,
				E7D0632D2A2B3CF20024349C /* Release */,
			);
			defaultConfigurationIsVisible = 0;
			defaultConfigurationName = Release;
		};
		E7D0632E2A2B3CF20024349C /* Build configuration list for PBXNativeTarget "project-sangsanggram-1771130-sonminkyu" */ = {
			isa = XCConfigurationList;
			buildConfigurations = (
				E7D0632F2A2B3CF20024349C /* Debug */,
				E7D063302A2B3CF20024349C /* Release */,
			);
			defaultConfigurationIsVisible = 0;
			defaultConfigurationName = Release;
		};
/* End XCConfigurationList section */

/* Begin XCRemoteSwiftPackageReference section */
		E7B825B72A2D9FAB006AB415 /* XCRemoteSwiftPackageReference "firebase-ios-sdk" */ = {
			isa = XCRemoteSwiftPackageReference;
			repositoryURL = "https://github.com/firebase/firebase-ios-sdk";
			requirement = {
				branch = master;
				kind = branch;
			};
		};
/* End XCRemoteSwiftPackageReference section */

/* Begin XCSwiftPackageProductDependency section */
		E7B825B82A2D9FAB006AB415 /* FirebaseAnalytics */ = {
			isa = XCSwiftPackageProductDependency;
			package = E7B825B72A2D9FAB006AB415 /* XCRemoteSwiftPackageReference "firebase-ios-sdk" */;
			productName = FirebaseAnalytics;
		};
		E7B825BA2A2D9FAB006AB415 /* FirebaseAnalyticsOnDeviceConversion */ = {
			isa = XCSwiftPackageProductDependency;
			package = E7B825B72A2D9FAB006AB415 /* XCRemoteSwiftPackageReference "firebase-ios-sdk" */;
			productName = FirebaseAnalyticsOnDeviceConversion;
		};
		E7B825BC2A2D9FAB006AB415 /* FirebaseAnalyticsSwift */ = {
			isa = XCSwiftPackageProductDependency;
			package = E7B825B72A2D9FAB006AB415 /* XCRemoteSwiftPackageReference "firebase-ios-sdk" */;
			productName = FirebaseAnalyticsSwift;
		};
		E7B825BE2A2D9FAB006AB415 /* FirebaseAnalyticsWithoutAdIdSupport */ = {
			isa = XCSwiftPackageProductDependency;
			package = E7B825B72A2D9FAB006AB415 /* XCRemoteSwiftPackageReference "firebase-ios-sdk" */;
			productName = FirebaseAnalyticsWithoutAdIdSupport;
		};
		E7B825C02A2D9FAB006AB415 /* FirebaseAppCheck */ = {
			isa = XCSwiftPackageProductDependency;
			package = E7B825B72A2D9FAB006AB415 /* XCRemoteSwiftPackageReference "firebase-ios-sdk" */;
			productName = FirebaseAppCheck;
		};
		E7B825C22A2D9FAB006AB415 /* FirebaseAppDistribution-Beta */ = {
			isa = XCSwiftPackageProductDependency;
			package = E7B825B72A2D9FAB006AB415 /* XCRemoteSwiftPackageReference "firebase-ios-sdk" */;
			productName = "FirebaseAppDistribution-Beta";
		};
		E7B825C42A2D9FAB006AB415 /* FirebaseAuth */ = {
			isa = XCSwiftPackageProductDependency;
			package = E7B825B72A2D9FAB006AB415 /* XCRemoteSwiftPackageReference "firebase-ios-sdk" */;
			productName = FirebaseAuth;
		};
		E7B825C62A2D9FAB006AB415 /* FirebaseAuthCombine-Community */ = {
			isa = XCSwiftPackageProductDependency;
			package = E7B825B72A2D9FAB006AB415 /* XCRemoteSwiftPackageReference "firebase-ios-sdk" */;
			productName = "FirebaseAuthCombine-Community";
		};
		E7B825C82A2D9FAB006AB415 /* FirebaseCrashlytics */ = {
			isa = XCSwiftPackageProductDependency;
			package = E7B825B72A2D9FAB006AB415 /* XCRemoteSwiftPackageReference "firebase-ios-sdk" */;
			productName = FirebaseCrashlytics;
		};
		E7B825CA2A2D9FAB006AB415 /* FirebaseDatabase */ = {
			isa = XCSwiftPackageProductDependency;
			package = E7B825B72A2D9FAB006AB415 /* XCRemoteSwiftPackageReference "firebase-ios-sdk" */;
			productName = FirebaseDatabase;
		};
		E7B825CC2A2D9FAB006AB415 /* FirebaseDatabaseSwift */ = {
			isa = XCSwiftPackageProductDependency;
			package = E7B825B72A2D9FAB006AB415 /* XCRemoteSwiftPackageReference "firebase-ios-sdk" */;
			productName = FirebaseDatabaseSwift;
		};
		E7B825CE2A2D9FAB006AB415 /* FirebaseDynamicLinks */ = {
			isa = XCSwiftPackageProductDependency;
			package = E7B825B72A2D9FAB006AB415 /* XCRemoteSwiftPackageReference "firebase-ios-sdk" */;
			productName = FirebaseDynamicLinks;
		};
		E7B825D02A2D9FAB006AB415 /* FirebaseFirestore */ = {
			isa = XCSwiftPackageProductDependency;
			package = E7B825B72A2D9FAB006AB415 /* XCRemoteSwiftPackageReference "firebase-ios-sdk" */;
			productName = FirebaseFirestore;
		};
		E7B825D22A2D9FAB006AB415 /* FirebaseFirestoreCombine-Community */ = {
			isa = XCSwiftPackageProductDependency;
			package = E7B825B72A2D9FAB006AB415 /* XCRemoteSwiftPackageReference "firebase-ios-sdk" */;
			productName = "FirebaseFirestoreCombine-Community";
		};
		E7B825D42A2D9FAB006AB415 /* FirebaseFirestoreSwift */ = {
			isa = XCSwiftPackageProductDependency;
			package = E7B825B72A2D9FAB006AB415 /* XCRemoteSwiftPackageReference "firebase-ios-sdk" */;
			productName = FirebaseFirestoreSwift;
		};
		E7B825D62A2D9FAB006AB415 /* FirebaseFunctions */ = {
			isa = XCSwiftPackageProductDependency;
			package = E7B825B72A2D9FAB006AB415 /* XCRemoteSwiftPackageReference "firebase-ios-sdk" */;
			productName = FirebaseFunctions;
		};
		E7B825D82A2D9FAB006AB415 /* FirebaseFunctionsCombine-Community */ = {
			isa = XCSwiftPackageProductDependency;
			package = E7B825B72A2D9FAB006AB415 /* XCRemoteSwiftPackageReference "firebase-ios-sdk" */;
			productName = "FirebaseFunctionsCombine-Community";
		};
		E7B825DA2A2D9FAB006AB415 /* FirebaseInAppMessaging-Beta */ = {
			isa = XCSwiftPackageProductDependency;
			package = E7B825B72A2D9FAB006AB415 /* XCRemoteSwiftPackageReference "firebase-ios-sdk" */;
			productName = "FirebaseInAppMessaging-Beta";
		};
		E7B825DC2A2D9FAB006AB415 /* FirebaseInAppMessagingSwift-Beta */ = {
			isa = XCSwiftPackageProductDependency;
			package = E7B825B72A2D9FAB006AB415 /* XCRemoteSwiftPackageReference "firebase-ios-sdk" */;
			productName = "FirebaseInAppMessagingSwift-Beta";
		};
		E7B825DE2A2D9FAB006AB415 /* FirebaseInstallations */ = {
			isa = XCSwiftPackageProductDependency;
			package = E7B825B72A2D9FAB006AB415 /* XCRemoteSwiftPackageReference "firebase-ios-sdk" */;
			productName = FirebaseInstallations;
		};
		E7B825E02A2D9FAB006AB415 /* FirebaseMLModelDownloader */ = {
			isa = XCSwiftPackageProductDependency;
			package = E7B825B72A2D9FAB006AB415 /* XCRemoteSwiftPackageReference "firebase-ios-sdk" */;
			productName = FirebaseMLModelDownloader;
		};
		E7B825E22A2D9FAB006AB415 /* FirebaseMessaging */ = {
			isa = XCSwiftPackageProductDependency;
			package = E7B825B72A2D9FAB006AB415 /* XCRemoteSwiftPackageReference "firebase-ios-sdk" */;
			productName = FirebaseMessaging;
		};
		E7B825E42A2D9FAB006AB415 /* FirebasePerformance */ = {
			isa = XCSwiftPackageProductDependency;
			package = E7B825B72A2D9FAB006AB415 /* XCRemoteSwiftPackageReference "firebase-ios-sdk" */;
			productName = FirebasePerformance;
		};
		E7B825E62A2D9FAB006AB415 /* FirebaseRemoteConfig */ = {
			isa = XCSwiftPackageProductDependency;
			package = E7B825B72A2D9FAB006AB415 /* XCRemoteSwiftPackageReference "firebase-ios-sdk" */;
			productName = FirebaseRemoteConfig;
		};
		E7B825E82A2D9FAB006AB415 /* FirebaseRemoteConfigSwift */ = {
			isa = XCSwiftPackageProductDependency;
			package = E7B825B72A2D9FAB006AB415 /* XCRemoteSwiftPackageReference "firebase-ios-sdk" */;
			productName = FirebaseRemoteConfigSwift;
		};
		E7B825EA2A2D9FAB006AB415 /* FirebaseStorage */ = {
			isa = XCSwiftPackageProductDependency;
			package = E7B825B72A2D9FAB006AB415 /* XCRemoteSwiftPackageReference "firebase-ios-sdk" */;
			productName = FirebaseStorage;
		};
		E7B825EC2A2D9FAB006AB415 /* FirebaseStorageCombine-Community */ = {
			isa = XCSwiftPackageProductDependency;
			package = E7B825B72A2D9FAB006AB415 /* XCRemoteSwiftPackageReference "firebase-ios-sdk" */;
			productName = "FirebaseStorageCombine-Community";
		};
/* End XCSwiftPackageProductDependency section */
	};
	rootObject = E7D063122A2B3CF20024349C /* Project object */;
}
